// !$*UTF8*$!
{
	archiveVersion = 1;
	classes = {
	};
	objectVersion = 46;
	objects = {

/* Begin PBXBuildFile section */
		2EF2209F724F15F033FE73B0 /* Pods_adera.framework in Frameworks */ = {isa = PBXBuildFile; fileRef = 3FDA133B6D6F1BB60E9E7F26 /* Pods_adera.framework */; };
		64E0E1EC07279AE8DDA608E5 /* Pods_aderaUITests.framework in Frameworks */ = {isa = PBXBuildFile; fileRef = 360089EB14C69EAA4D20F0AF /* Pods_aderaUITests.framework */; };
		BCED43EC53BA2ECE54FF4FF1 /* Message.swift in Sources */ = {isa = PBXBuildFile; fileRef = BCED4434AF3AC7EEF0C734D8 /* Message.swift */; };
		BCED470F186C4DFDA449734B /* Topic.swift in Sources */ = {isa = PBXBuildFile; fileRef = BCED4B1ED35744FE66B5B0C5 /* Topic.swift */; };
		BCED47FC37B7AA167F7EE886 /* Channel.swift in Sources */ = {isa = PBXBuildFile; fileRef = BCED46A62981D27F365CFC3E /* Channel.swift */; };
		BCED48F9C493BA8DAE79F04E /* TopicTableViewDelegate.swift in Sources */ = {isa = PBXBuildFile; fileRef = BCED4772B1F94BF00C1D112E /* TopicTableViewDelegate.swift */; };
		BCED4FF41125F7CDDC5B6CB4 /* BrowsePublicChannelsTableViewDelegate.swift in Sources */ = {isa = PBXBuildFile; fileRef = BCED45F5BFF4A599C8AC2F87 /* BrowsePublicChannelsTableViewDelegate.swift */; };
		CB34A208016223FE66CAE627 /* Pods_aderaTests.framework in Frameworks */ = {isa = PBXBuildFile; fileRef = CAE3211614E949B9A63EF442 /* Pods_aderaTests.framework */; };
		D8AA22011E82F99D00F0D140 /* SettingsTableViewController.swift in Sources */ = {isa = PBXBuildFile; fileRef = D8AA22001E82F99D00F0D140 /* SettingsTableViewController.swift */; };
		D8E4C7791E8342AB00FDB95C /* SettingsViewController.swift in Sources */ = {isa = PBXBuildFile; fileRef = D8E4C7781E8342AB00FDB95C /* SettingsViewController.swift */; };
		FAB5F6521E7EE33F00B1CB5C /* Plus-50@2x.png in Resources */ = {isa = PBXBuildFile; fileRef = FAB5F6511E7EE33F00B1CB5C /* Plus-50@2x.png */; };
		FAD46BE61E7DE5040035F403 /* ChannelTopicTableViewController.swift in Sources */ = {isa = PBXBuildFile; fileRef = FAD46BE51E7DE5040035F403 /* ChannelTopicTableViewController.swift */; };
		FAD46BE91E7DED3C0035F403 /* ChannelTopicCell.swift in Sources */ = {isa = PBXBuildFile; fileRef = FAD46BE81E7DED3C0035F403 /* ChannelTopicCell.swift */; };
		FAD46BEE1E7E04600035F403 /* Settings-50@2x.png in Resources */ = {isa = PBXBuildFile; fileRef = FAD46BED1E7E04600035F403 /* Settings-50@2x.png */; };
		FAD46BF01E7E06630035F403 /* MyChannelsTableViewDelegate.swift in Sources */ = {isa = PBXBuildFile; fileRef = FAD46BEF1E7E06630035F403 /* MyChannelsTableViewDelegate.swift */; };
		FAD46BF21E7E10620035F403 /* GoogleService-Info.plist in Resources */ = {isa = PBXBuildFile; fileRef = FAD46BF11E7E10620035F403 /* GoogleService-Info.plist */; };
		FAD46BF51E7E13F50035F403 /* CreateChannelViewController.swift in Sources */ = {isa = PBXBuildFile; fileRef = FAD46BF41E7E13F50035F403 /* CreateChannelViewController.swift */; };
		FADEE40D1E731A7900189953 /* AppDelegate.swift in Sources */ = {isa = PBXBuildFile; fileRef = FADEE40C1E731A7900189953 /* AppDelegate.swift */; };
		FADEE4121E731A7900189953 /* Main.storyboard in Resources */ = {isa = PBXBuildFile; fileRef = FADEE4101E731A7900189953 /* Main.storyboard */; };
		FADEE4151E731A7900189953 /* adera.xcdatamodeld in Sources */ = {isa = PBXBuildFile; fileRef = FADEE4131E731A7900189953 /* adera.xcdatamodeld */; };
		FADEE4171E731A7900189953 /* Assets.xcassets in Resources */ = {isa = PBXBuildFile; fileRef = FADEE4161E731A7900189953 /* Assets.xcassets */; };
		FADEE41A1E731A7900189953 /* LaunchScreen.storyboard in Resources */ = {isa = PBXBuildFile; fileRef = FADEE4181E731A7900189953 /* LaunchScreen.storyboard */; };
		FADEE4251E731A7900189953 /* aderaTests.swift in Sources */ = {isa = PBXBuildFile; fileRef = FADEE4241E731A7900189953 /* aderaTests.swift */; };
		FADEE4301E731A7900189953 /* aderaUITests.swift in Sources */ = {isa = PBXBuildFile; fileRef = FADEE42F1E731A7900189953 /* aderaUITests.swift */; };
		FAF1F8051E763C79008DA769 /* LoginViewController.swift in Sources */ = {isa = PBXBuildFile; fileRef = FAF1F8041E763C79008DA769 /* LoginViewController.swift */; };
/* End PBXBuildFile section */

/* Begin PBXContainerItemProxy section */
		FADEE4211E731A7900189953 /* PBXContainerItemProxy */ = {
			isa = PBXContainerItemProxy;
			containerPortal = FADEE4011E731A7800189953 /* Project object */;
			proxyType = 1;
			remoteGlobalIDString = FADEE4081E731A7800189953;
			remoteInfo = adera;
		};
		FADEE42C1E731A7900189953 /* PBXContainerItemProxy */ = {
			isa = PBXContainerItemProxy;
			containerPortal = FADEE4011E731A7800189953 /* Project object */;
			proxyType = 1;
			remoteGlobalIDString = FADEE4081E731A7800189953;
			remoteInfo = adera;
		};
/* End PBXContainerItemProxy section */

/* Begin PBXFileReference section */
		1A8CC009A04617DC050824A1 /* Pods-adera.debug.xcconfig */ = {isa = PBXFileReference; includeInIndex = 1; lastKnownFileType = text.xcconfig; name = "Pods-adera.debug.xcconfig"; path = "Pods/Target Support Files/Pods-adera/Pods-adera.debug.xcconfig"; sourceTree = "<group>"; };
		360089EB14C69EAA4D20F0AF /* Pods_aderaUITests.framework */ = {isa = PBXFileReference; explicitFileType = wrapper.framework; includeInIndex = 0; path = Pods_aderaUITests.framework; sourceTree = BUILT_PRODUCTS_DIR; };
		3FDA133B6D6F1BB60E9E7F26 /* Pods_adera.framework */ = {isa = PBXFileReference; explicitFileType = wrapper.framework; includeInIndex = 0; path = Pods_adera.framework; sourceTree = BUILT_PRODUCTS_DIR; };
		76503484B9C4E45F4AA39A29 /* Pods-aderaUITests.debug.xcconfig */ = {isa = PBXFileReference; includeInIndex = 1; lastKnownFileType = text.xcconfig; name = "Pods-aderaUITests.debug.xcconfig"; path = "Pods/Target Support Files/Pods-aderaUITests/Pods-aderaUITests.debug.xcconfig"; sourceTree = "<group>"; };
		A005F5107DB43513C9A170A1 /* Pods-aderaUITests.release.xcconfig */ = {isa = PBXFileReference; includeInIndex = 1; lastKnownFileType = text.xcconfig; name = "Pods-aderaUITests.release.xcconfig"; path = "Pods/Target Support Files/Pods-aderaUITests/Pods-aderaUITests.release.xcconfig"; sourceTree = "<group>"; };
		AAD895CE1BAE44831E5F9720 /* Pods-aderaTests.debug.xcconfig */ = {isa = PBXFileReference; includeInIndex = 1; lastKnownFileType = text.xcconfig; name = "Pods-aderaTests.debug.xcconfig"; path = "Pods/Target Support Files/Pods-aderaTests/Pods-aderaTests.debug.xcconfig"; sourceTree = "<group>"; };
		BCED4434AF3AC7EEF0C734D8 /* Message.swift */ = {isa = PBXFileReference; fileEncoding = 4; lastKnownFileType = sourcecode.swift; path = Message.swift; sourceTree = "<group>"; };
		BCED45F5BFF4A599C8AC2F87 /* BrowsePublicChannelsTableViewDelegate.swift */ = {isa = PBXFileReference; fileEncoding = 4; lastKnownFileType = sourcecode.swift; path = BrowsePublicChannelsTableViewDelegate.swift; sourceTree = "<group>"; };
		BCED46A62981D27F365CFC3E /* Channel.swift */ = {isa = PBXFileReference; fileEncoding = 4; lastKnownFileType = sourcecode.swift; path = Channel.swift; sourceTree = "<group>"; };
		BCED4772B1F94BF00C1D112E /* TopicTableViewDelegate.swift */ = {isa = PBXFileReference; fileEncoding = 4; lastKnownFileType = sourcecode.swift; path = TopicTableViewDelegate.swift; sourceTree = "<group>"; };
		BCED4B1ED35744FE66B5B0C5 /* Topic.swift */ = {isa = PBXFileReference; fileEncoding = 4; lastKnownFileType = sourcecode.swift; path = Topic.swift; sourceTree = "<group>"; };
		CAE3211614E949B9A63EF442 /* Pods_aderaTests.framework */ = {isa = PBXFileReference; explicitFileType = wrapper.framework; includeInIndex = 0; path = Pods_aderaTests.framework; sourceTree = BUILT_PRODUCTS_DIR; };
		D8AA22001E82F99D00F0D140 /* SettingsTableViewController.swift */ = {isa = PBXFileReference; fileEncoding = 4; lastKnownFileType = sourcecode.swift; path = SettingsTableViewController.swift; sourceTree = "<group>"; };
		D8E4C7781E8342AB00FDB95C /* SettingsViewController.swift */ = {isa = PBXFileReference; fileEncoding = 4; lastKnownFileType = sourcecode.swift; path = SettingsViewController.swift; sourceTree = "<group>"; };
		DE61330E33B76258759BFFFB /* Pods-aderaTests.release.xcconfig */ = {isa = PBXFileReference; includeInIndex = 1; lastKnownFileType = text.xcconfig; name = "Pods-aderaTests.release.xcconfig"; path = "Pods/Target Support Files/Pods-aderaTests/Pods-aderaTests.release.xcconfig"; sourceTree = "<group>"; };
		ED752EC4D0866F6D4D4E6014 /* Pods-adera.release.xcconfig */ = {isa = PBXFileReference; includeInIndex = 1; lastKnownFileType = text.xcconfig; name = "Pods-adera.release.xcconfig"; path = "Pods/Target Support Files/Pods-adera/Pods-adera.release.xcconfig"; sourceTree = "<group>"; };
		FAB5F6511E7EE33F00B1CB5C /* Plus-50@2x.png */ = {isa = PBXFileReference; lastKnownFileType = image.png; path = "Plus-50@2x.png"; sourceTree = "<group>"; };
		FAD46BE51E7DE5040035F403 /* ChannelTopicTableViewController.swift */ = {isa = PBXFileReference; fileEncoding = 4; lastKnownFileType = sourcecode.swift; path = ChannelTopicTableViewController.swift; sourceTree = "<group>"; };
		FAD46BE81E7DED3C0035F403 /* ChannelTopicCell.swift */ = {isa = PBXFileReference; fileEncoding = 4; lastKnownFileType = sourcecode.swift; path = ChannelTopicCell.swift; sourceTree = "<group>"; };
		FAD46BED1E7E04600035F403 /* Settings-50@2x.png */ = {isa = PBXFileReference; lastKnownFileType = image.png; path = "Settings-50@2x.png"; sourceTree = "<group>"; };
		FAD46BEF1E7E06630035F403 /* MyChannelsTableViewDelegate.swift */ = {isa = PBXFileReference; fileEncoding = 4; lastKnownFileType = sourcecode.swift; path = MyChannelsTableViewDelegate.swift; sourceTree = "<group>"; };
		FAD46BF11E7E10620035F403 /* GoogleService-Info.plist */ = {isa = PBXFileReference; fileEncoding = 4; lastKnownFileType = text.plist.xml; name = "GoogleService-Info.plist"; path = "../GoogleService-Info.plist"; sourceTree = "<group>"; };
		FAD46BF41E7E13F50035F403 /* CreateChannelViewController.swift */ = {isa = PBXFileReference; fileEncoding = 4; lastKnownFileType = sourcecode.swift; path = CreateChannelViewController.swift; sourceTree = "<group>"; };
		FADEE4091E731A7900189953 /* adera.app */ = {isa = PBXFileReference; explicitFileType = wrapper.application; includeInIndex = 0; path = adera.app; sourceTree = BUILT_PRODUCTS_DIR; };
		FADEE40C1E731A7900189953 /* AppDelegate.swift */ = {isa = PBXFileReference; lastKnownFileType = sourcecode.swift; path = AppDelegate.swift; sourceTree = "<group>"; };
		FADEE4111E731A7900189953 /* Base */ = {isa = PBXFileReference; lastKnownFileType = file.storyboard; name = Base; path = Base.lproj/Main.storyboard; sourceTree = "<group>"; };
		FADEE4141E731A7900189953 /* adera.xcdatamodel */ = {isa = PBXFileReference; lastKnownFileType = wrapper.xcdatamodel; path = adera.xcdatamodel; sourceTree = "<group>"; };
		FADEE4161E731A7900189953 /* Assets.xcassets */ = {isa = PBXFileReference; lastKnownFileType = folder.assetcatalog; path = Assets.xcassets; sourceTree = "<group>"; };
		FADEE4191E731A7900189953 /* Base */ = {isa = PBXFileReference; lastKnownFileType = file.storyboard; name = Base; path = Base.lproj/LaunchScreen.storyboard; sourceTree = "<group>"; };
		FADEE41B1E731A7900189953 /* Info.plist */ = {isa = PBXFileReference; lastKnownFileType = text.plist.xml; path = Info.plist; sourceTree = "<group>"; };
		FADEE4201E731A7900189953 /* aderaTests.xctest */ = {isa = PBXFileReference; explicitFileType = wrapper.cfbundle; includeInIndex = 0; path = aderaTests.xctest; sourceTree = BUILT_PRODUCTS_DIR; };
		FADEE4241E731A7900189953 /* aderaTests.swift */ = {isa = PBXFileReference; lastKnownFileType = sourcecode.swift; path = aderaTests.swift; sourceTree = "<group>"; };
		FADEE4261E731A7900189953 /* Info.plist */ = {isa = PBXFileReference; lastKnownFileType = text.plist.xml; path = Info.plist; sourceTree = "<group>"; };
		FADEE42B1E731A7900189953 /* aderaUITests.xctest */ = {isa = PBXFileReference; explicitFileType = wrapper.cfbundle; includeInIndex = 0; path = aderaUITests.xctest; sourceTree = BUILT_PRODUCTS_DIR; };
		FADEE42F1E731A7900189953 /* aderaUITests.swift */ = {isa = PBXFileReference; lastKnownFileType = sourcecode.swift; path = aderaUITests.swift; sourceTree = "<group>"; };
		FADEE4311E731A7900189953 /* Info.plist */ = {isa = PBXFileReference; lastKnownFileType = text.plist.xml; path = Info.plist; sourceTree = "<group>"; };
		FAF1F8041E763C79008DA769 /* LoginViewController.swift */ = {isa = PBXFileReference; fileEncoding = 4; lastKnownFileType = sourcecode.swift; path = LoginViewController.swift; sourceTree = "<group>"; };
/* End PBXFileReference section */

/* Begin PBXFrameworksBuildPhase section */
		FADEE4061E731A7800189953 /* Frameworks */ = {
			isa = PBXFrameworksBuildPhase;
			buildActionMask = 2147483647;
			files = (
				2EF2209F724F15F033FE73B0 /* Pods_adera.framework in Frameworks */,
			);
			runOnlyForDeploymentPostprocessing = 0;
		};
		FADEE41D1E731A7900189953 /* Frameworks */ = {
			isa = PBXFrameworksBuildPhase;
			buildActionMask = 2147483647;
			files = (
				CB34A208016223FE66CAE627 /* Pods_aderaTests.framework in Frameworks */,
			);
			runOnlyForDeploymentPostprocessing = 0;
		};
		FADEE4281E731A7900189953 /* Frameworks */ = {
			isa = PBXFrameworksBuildPhase;
			buildActionMask = 2147483647;
			files = (
				64E0E1EC07279AE8DDA608E5 /* Pods_aderaUITests.framework in Frameworks */,
			);
			runOnlyForDeploymentPostprocessing = 0;
		};
/* End PBXFrameworksBuildPhase section */

/* Begin PBXGroup section */
		12858141F65EB8B1FCEDE67A /* Frameworks */ = {
			isa = PBXGroup;
			children = (
				3FDA133B6D6F1BB60E9E7F26 /* Pods_adera.framework */,
				CAE3211614E949B9A63EF442 /* Pods_aderaTests.framework */,
				360089EB14C69EAA4D20F0AF /* Pods_aderaUITests.framework */,
			);
			name = Frameworks;
			sourceTree = "<group>";
		};
		D8BB601B1E82E908000B0EF5 /* Settings */ = {
			isa = PBXGroup;
			children = (
				D8E4C7781E8342AB00FDB95C /* SettingsViewController.swift */,
				D8AA22001E82F99D00F0D140 /* SettingsTableViewController.swift */,
			);
			name = Settings;
			sourceTree = "<group>";
		};
		FAB5F6501E7ECBDF00B1CB5C /* Topic */ = {
			isa = PBXGroup;
			children = (
				BCED4B1ED35744FE66B5B0C5 /* Topic.swift */,
				BCED4434AF3AC7EEF0C734D8 /* Message.swift */,
				BCED4772B1F94BF00C1D112E /* TopicTableViewDelegate.swift */,
			);
			name = Topic;
			sourceTree = "<group>";
		};
		FAD46BE71E7DE5100035F403 /* Channel/Topic */ = {
			isa = PBXGroup;
			children = (
				FAB5F6501E7ECBDF00B1CB5C /* Topic */,
				FAD46BF31E7E13AA0035F403 /* Channel */,
				FAD46BE51E7DE5040035F403 /* ChannelTopicTableViewController.swift */,
				FAD46BE81E7DED3C0035F403 /* ChannelTopicCell.swift */,
			);
			name = Channel/Topic;
			sourceTree = "<group>";
		};
		FAD46BEC1E7E03670035F403 /* Images */ = {
			isa = PBXGroup;
			children = (
				FAB5F6511E7EE33F00B1CB5C /* Plus-50@2x.png */,
				FAD46BED1E7E04600035F403 /* Settings-50@2x.png */,
			);
			name = Images;
			sourceTree = "<group>";
		};
		FAD46BF31E7E13AA0035F403 /* Channel */ = {
			isa = PBXGroup;
			children = (
				FAD46BF41E7E13F50035F403 /* CreateChannelViewController.swift */,
				FAD46BEF1E7E06630035F403 /* MyChannelsTableViewDelegate.swift */,
				BCED46A62981D27F365CFC3E /* Channel.swift */,
				BCED45F5BFF4A599C8AC2F87 /* BrowsePublicChannelsTableViewDelegate.swift */,
			);
			name = Channel;
			sourceTree = "<group>";
		};
		FADEE4001E731A7800189953 = {
			isa = PBXGroup;
			children = (
				FADEE40B1E731A7900189953 /* adera */,
				FADEE4231E731A7900189953 /* aderaTests */,
				FADEE42E1E731A7900189953 /* aderaUITests */,
				FADEE40A1E731A7900189953 /* Products */,
				FB531DB36FA1F7088B7E53A4 /* Pods */,
				12858141F65EB8B1FCEDE67A /* Frameworks */,
			);
			sourceTree = "<group>";
		};
		FADEE40A1E731A7900189953 /* Products */ = {
			isa = PBXGroup;
			children = (
				FADEE4091E731A7900189953 /* adera.app */,
				FADEE4201E731A7900189953 /* aderaTests.xctest */,
				FADEE42B1E731A7900189953 /* aderaUITests.xctest */,
			);
			name = Products;
			sourceTree = "<group>";
		};
		FADEE40B1E731A7900189953 /* adera */ = {
			isa = PBXGroup;
			children = (
				FAF1F80B1E763E0D008DA769 /* Resource */,
				FADEE40C1E731A7900189953 /* AppDelegate.swift */,
				FADEE4101E731A7900189953 /* Main.storyboard */,
				FADEE4161E731A7900189953 /* Assets.xcassets */,
				FAD46BF11E7E10620035F403 /* GoogleService-Info.plist */,
				FADEE4181E731A7900189953 /* LaunchScreen.storyboard */,
				FADEE41B1E731A7900189953 /* Info.plist */,
				FADEE4131E731A7900189953 /* adera.xcdatamodeld */,
				FAD46BE71E7DE5100035F403 /* Channel/Topic */,
				FAF1F8061E763C83008DA769 /* Login/Register */,
				D8BB601B1E82E908000B0EF5 /* Settings */,
			);
			path = adera;
			sourceTree = "<group>";
		};
		FADEE4231E731A7900189953 /* aderaTests */ = {
			isa = PBXGroup;
			children = (
				FADEE4241E731A7900189953 /* aderaTests.swift */,
				FADEE4261E731A7900189953 /* Info.plist */,
			);
			path = aderaTests;
			sourceTree = "<group>";
		};
		FADEE42E1E731A7900189953 /* aderaUITests */ = {
			isa = PBXGroup;
			children = (
				FADEE42F1E731A7900189953 /* aderaUITests.swift */,
				FADEE4311E731A7900189953 /* Info.plist */,
			);
			path = aderaUITests;
			sourceTree = "<group>";
		};
		FAF1F8061E763C83008DA769 /* Login/Register */ = {
			isa = PBXGroup;
			children = (
				FAF1F8041E763C79008DA769 /* LoginViewController.swift */,
			);
			name = Login/Register;
			sourceTree = "<group>";
		};
		FAF1F80B1E763E0D008DA769 /* Resource */ = {
			isa = PBXGroup;
			children = (
				FAD46BEC1E7E03670035F403 /* Images */,
			);
			name = Resource;
			sourceTree = "<group>";
		};
		FB531DB36FA1F7088B7E53A4 /* Pods */ = {
			isa = PBXGroup;
			children = (
				1A8CC009A04617DC050824A1 /* Pods-adera.debug.xcconfig */,
				ED752EC4D0866F6D4D4E6014 /* Pods-adera.release.xcconfig */,
				AAD895CE1BAE44831E5F9720 /* Pods-aderaTests.debug.xcconfig */,
				DE61330E33B76258759BFFFB /* Pods-aderaTests.release.xcconfig */,
				76503484B9C4E45F4AA39A29 /* Pods-aderaUITests.debug.xcconfig */,
				A005F5107DB43513C9A170A1 /* Pods-aderaUITests.release.xcconfig */,
			);
			name = Pods;
			sourceTree = "<group>";
		};
/* End PBXGroup section */

/* Begin PBXNativeTarget section */
		FADEE4081E731A7800189953 /* adera */ = {
			isa = PBXNativeTarget;
			buildConfigurationList = FADEE4341E731A7900189953 /* Build configuration list for PBXNativeTarget "adera" */;
			buildPhases = (
				4AC5D6476A96B86B24C85145 /* [CP] Check Pods Manifest.lock */,
				FADEE4051E731A7800189953 /* Sources */,
				FADEE4061E731A7800189953 /* Frameworks */,
				FADEE4071E731A7800189953 /* Resources */,
				DDF49A803BC959CD2586D497 /* [CP] Embed Pods Frameworks */,
				7D5C6037B84D7F9E13572376 /* [CP] Copy Pods Resources */,
			);
			buildRules = (
			);
			dependencies = (
			);
			name = adera;
			productName = adera;
			productReference = FADEE4091E731A7900189953 /* adera.app */;
			productType = "com.apple.product-type.application";
		};
		FADEE41F1E731A7900189953 /* aderaTests */ = {
			isa = PBXNativeTarget;
			buildConfigurationList = FADEE4371E731A7900189953 /* Build configuration list for PBXNativeTarget "aderaTests" */;
			buildPhases = (
				29073698C7D1B58894D6CC69 /* [CP] Check Pods Manifest.lock */,
				FADEE41C1E731A7900189953 /* Sources */,
				FADEE41D1E731A7900189953 /* Frameworks */,
				FADEE41E1E731A7900189953 /* Resources */,
				A8A8F3F3FB6F2C018B64A107 /* [CP] Embed Pods Frameworks */,
				4EB1D00D586C1DB267FB3A38 /* [CP] Copy Pods Resources */,
			);
			buildRules = (
			);
			dependencies = (
				FADEE4221E731A7900189953 /* PBXTargetDependency */,
			);
			name = aderaTests;
			productName = aderaTests;
			productReference = FADEE4201E731A7900189953 /* aderaTests.xctest */;
			productType = "com.apple.product-type.bundle.unit-test";
		};
		FADEE42A1E731A7900189953 /* aderaUITests */ = {
			isa = PBXNativeTarget;
			buildConfigurationList = FADEE43A1E731A7900189953 /* Build configuration list for PBXNativeTarget "aderaUITests" */;
			buildPhases = (
				3B6C9C100A9C65559D635B30 /* [CP] Check Pods Manifest.lock */,
				FADEE4271E731A7900189953 /* Sources */,
				FADEE4281E731A7900189953 /* Frameworks */,
				FADEE4291E731A7900189953 /* Resources */,
				261066849332FA12D9E86336 /* [CP] Embed Pods Frameworks */,
				1501D37F60C6504E0B9E2437 /* [CP] Copy Pods Resources */,
			);
			buildRules = (
			);
			dependencies = (
				FADEE42D1E731A7900189953 /* PBXTargetDependency */,
			);
			name = aderaUITests;
			productName = aderaUITests;
			productReference = FADEE42B1E731A7900189953 /* aderaUITests.xctest */;
			productType = "com.apple.product-type.bundle.ui-testing";
		};
/* End PBXNativeTarget section */

/* Begin PBXProject section */
		FADEE4011E731A7800189953 /* Project object */ = {
			isa = PBXProject;
			attributes = {
				LastSwiftUpdateCheck = 0820;
				LastUpgradeCheck = 0820;
				ORGANIZATIONNAME = "Svyatoslav Ilinskiy";
				TargetAttributes = {
					FADEE4081E731A7800189953 = {
						CreatedOnToolsVersion = 8.2.1;
						ProvisioningStyle = Automatic;
					};
					FADEE41F1E731A7900189953 = {
						CreatedOnToolsVersion = 8.2.1;
						ProvisioningStyle = Automatic;
						TestTargetID = FADEE4081E731A7800189953;
					};
					FADEE42A1E731A7900189953 = {
						CreatedOnToolsVersion = 8.2.1;
						ProvisioningStyle = Automatic;
						TestTargetID = FADEE4081E731A7800189953;
					};
				};
			};
			buildConfigurationList = FADEE4041E731A7800189953 /* Build configuration list for PBXProject "adera" */;
			compatibilityVersion = "Xcode 3.2";
			developmentRegion = English;
			hasScannedForEncodings = 0;
			knownRegions = (
				en,
				Base,
			);
			mainGroup = FADEE4001E731A7800189953;
			productRefGroup = FADEE40A1E731A7900189953 /* Products */;
			projectDirPath = "";
			projectRoot = "";
			targets = (
				FADEE4081E731A7800189953 /* adera */,
				FADEE41F1E731A7900189953 /* aderaTests */,
				FADEE42A1E731A7900189953 /* aderaUITests */,
			);
		};
/* End PBXProject section */

/* Begin PBXResourcesBuildPhase section */
		FADEE4071E731A7800189953 /* Resources */ = {
			isa = PBXResourcesBuildPhase;
			buildActionMask = 2147483647;
			files = (
				FAB5F6521E7EE33F00B1CB5C /* Plus-50@2x.png in Resources */,
				FAD46BEE1E7E04600035F403 /* Settings-50@2x.png in Resources */,
				FADEE41A1E731A7900189953 /* LaunchScreen.storyboard in Resources */,
				FAD46BF21E7E10620035F403 /* GoogleService-Info.plist in Resources */,
				FADEE4171E731A7900189953 /* Assets.xcassets in Resources */,
				FADEE4121E731A7900189953 /* Main.storyboard in Resources */,
			);
			runOnlyForDeploymentPostprocessing = 0;
		};
		FADEE41E1E731A7900189953 /* Resources */ = {
			isa = PBXResourcesBuildPhase;
			buildActionMask = 2147483647;
			files = (
			);
			runOnlyForDeploymentPostprocessing = 0;
		};
		FADEE4291E731A7900189953 /* Resources */ = {
			isa = PBXResourcesBuildPhase;
			buildActionMask = 2147483647;
			files = (
			);
			runOnlyForDeploymentPostprocessing = 0;
		};
/* End PBXResourcesBuildPhase section */

/* Begin PBXShellScriptBuildPhase section */
		1501D37F60C6504E0B9E2437 /* [CP] Copy Pods Resources */ = {
			isa = PBXShellScriptBuildPhase;
			buildActionMask = 2147483647;
			files = (
			);
			inputPaths = (
			);
			name = "[CP] Copy Pods Resources";
			outputPaths = (
			);
			runOnlyForDeploymentPostprocessing = 0;
			shellPath = /bin/sh;
			shellScript = "\"${SRCROOT}/Pods/Target Support Files/Pods-aderaUITests/Pods-aderaUITests-resources.sh\"\n";
			showEnvVarsInLog = 0;
		};
		261066849332FA12D9E86336 /* [CP] Embed Pods Frameworks */ = {
			isa = PBXShellScriptBuildPhase;
			buildActionMask = 2147483647;
			files = (
			);
			inputPaths = (
			);
			name = "[CP] Embed Pods Frameworks";
			outputPaths = (
			);
			runOnlyForDeploymentPostprocessing = 0;
			shellPath = /bin/sh;
			shellScript = "\"${SRCROOT}/Pods/Target Support Files/Pods-aderaUITests/Pods-aderaUITests-frameworks.sh\"\n";
			showEnvVarsInLog = 0;
		};
		29073698C7D1B58894D6CC69 /* [CP] Check Pods Manifest.lock */ = {
			isa = PBXShellScriptBuildPhase;
			buildActionMask = 2147483647;
			files = (
			);
			inputPaths = (
			);
			name = "[CP] Check Pods Manifest.lock";
			outputPaths = (
			);
			runOnlyForDeploymentPostprocessing = 0;
			shellPath = /bin/sh;
			shellScript = "diff \"${PODS_ROOT}/../Podfile.lock\" \"${PODS_ROOT}/Manifest.lock\" > /dev/null\nif [ $? != 0 ] ; then\n    # print error to STDERR\n    echo \"error: The sandbox is not in sync with the Podfile.lock. Run 'pod install' or update your CocoaPods installation.\" >&2\n    exit 1\nfi\n";
			showEnvVarsInLog = 0;
		};
		3B6C9C100A9C65559D635B30 /* [CP] Check Pods Manifest.lock */ = {
			isa = PBXShellScriptBuildPhase;
			buildActionMask = 2147483647;
			files = (
			);
			inputPaths = (
			);
			name = "[CP] Check Pods Manifest.lock";
			outputPaths = (
			);
			runOnlyForDeploymentPostprocessing = 0;
			shellPath = /bin/sh;
			shellScript = "diff \"${PODS_ROOT}/../Podfile.lock\" \"${PODS_ROOT}/Manifest.lock\" > /dev/null\nif [ $? != 0 ] ; then\n    # print error to STDERR\n    echo \"error: The sandbox is not in sync with the Podfile.lock. Run 'pod install' or update your CocoaPods installation.\" >&2\n    exit 1\nfi\n";
			showEnvVarsInLog = 0;
		};
		4AC5D6476A96B86B24C85145 /* [CP] Check Pods Manifest.lock */ = {
			isa = PBXShellScriptBuildPhase;
			buildActionMask = 2147483647;
			files = (
			);
			inputPaths = (
			);
			name = "[CP] Check Pods Manifest.lock";
			outputPaths = (
			);
			runOnlyForDeploymentPostprocessing = 0;
			shellPath = /bin/sh;
			shellScript = "diff \"${PODS_ROOT}/../Podfile.lock\" \"${PODS_ROOT}/Manifest.lock\" > /dev/null\nif [ $? != 0 ] ; then\n    # print error to STDERR\n    echo \"error: The sandbox is not in sync with the Podfile.lock. Run 'pod install' or update your CocoaPods installation.\" >&2\n    exit 1\nfi\n";
			showEnvVarsInLog = 0;
		};
		4EB1D00D586C1DB267FB3A38 /* [CP] Copy Pods Resources */ = {
			isa = PBXShellScriptBuildPhase;
			buildActionMask = 2147483647;
			files = (
			);
			inputPaths = (
			);
			name = "[CP] Copy Pods Resources";
			outputPaths = (
			);
			runOnlyForDeploymentPostprocessing = 0;
			shellPath = /bin/sh;
			shellScript = "\"${SRCROOT}/Pods/Target Support Files/Pods-aderaTests/Pods-aderaTests-resources.sh\"\n";
			showEnvVarsInLog = 0;
		};
		7D5C6037B84D7F9E13572376 /* [CP] Copy Pods Resources */ = {
			isa = PBXShellScriptBuildPhase;
			buildActionMask = 2147483647;
			files = (
			);
			inputPaths = (
			);
			name = "[CP] Copy Pods Resources";
			outputPaths = (
			);
			runOnlyForDeploymentPostprocessing = 0;
			shellPath = /bin/sh;
			shellScript = "\"${SRCROOT}/Pods/Target Support Files/Pods-adera/Pods-adera-resources.sh\"\n";
			showEnvVarsInLog = 0;
		};
		A8A8F3F3FB6F2C018B64A107 /* [CP] Embed Pods Frameworks */ = {
			isa = PBXShellScriptBuildPhase;
			buildActionMask = 2147483647;
			files = (
			);
			inputPaths = (
			);
			name = "[CP] Embed Pods Frameworks";
			outputPaths = (
			);
			runOnlyForDeploymentPostprocessing = 0;
			shellPath = /bin/sh;
			shellScript = "\"${SRCROOT}/Pods/Target Support Files/Pods-aderaTests/Pods-aderaTests-frameworks.sh\"\n";
			showEnvVarsInLog = 0;
		};
		DDF49A803BC959CD2586D497 /* [CP] Embed Pods Frameworks */ = {
			isa = PBXShellScriptBuildPhase;
			buildActionMask = 2147483647;
			files = (
			);
			inputPaths = (
			);
			name = "[CP] Embed Pods Frameworks";
			outputPaths = (
			);
			runOnlyForDeploymentPostprocessing = 0;
			shellPath = /bin/sh;
			shellScript = "\"${SRCROOT}/Pods/Target Support Files/Pods-adera/Pods-adera-frameworks.sh\"\n";
			showEnvVarsInLog = 0;
		};
/* End PBXShellScriptBuildPhase section */

/* Begin PBXSourcesBuildPhase section */
		FADEE4051E731A7800189953 /* Sources */ = {
			isa = PBXSourcesBuildPhase;
			buildActionMask = 2147483647;
			files = (
				FAD46BE61E7DE5040035F403 /* ChannelTopicTableViewController.swift in Sources */,
				FAF1F8051E763C79008DA769 /* LoginViewController.swift in Sources */,
				FAD46BF01E7E06630035F403 /* MyChannelsTableViewDelegate.swift in Sources */,
				FADEE4151E731A7900189953 /* adera.xcdatamodeld in Sources */,
				FAD46BF51E7E13F50035F403 /* CreateChannelViewController.swift in Sources */,
				FADEE40D1E731A7900189953 /* AppDelegate.swift in Sources */,
				D8AA22011E82F99D00F0D140 /* SettingsTableViewController.swift in Sources */,
				FAD46BE91E7DED3C0035F403 /* ChannelTopicCell.swift in Sources */,
				BCED47FC37B7AA167F7EE886 /* Channel.swift in Sources */,
				D8E4C7791E8342AB00FDB95C /* SettingsViewController.swift in Sources */,
				BCED470F186C4DFDA449734B /* Topic.swift in Sources */,
				BCED43EC53BA2ECE54FF4FF1 /* Message.swift in Sources */,
				BCED4FF41125F7CDDC5B6CB4 /* BrowsePublicChannelsTableViewDelegate.swift in Sources */,
				BCED48F9C493BA8DAE79F04E /* TopicTableViewDelegate.swift in Sources */,
			);
			runOnlyForDeploymentPostprocessing = 0;
		};
		FADEE41C1E731A7900189953 /* Sources */ = {
			isa = PBXSourcesBuildPhase;
			buildActionMask = 2147483647;
			files = (
				FADEE4251E731A7900189953 /* aderaTests.swift in Sources */,
			);
			runOnlyForDeploymentPostprocessing = 0;
		};
		FADEE4271E731A7900189953 /* Sources */ = {
			isa = PBXSourcesBuildPhase;
			buildActionMask = 2147483647;
			files = (
				FADEE4301E731A7900189953 /* aderaUITests.swift in Sources */,
			);
			runOnlyForDeploymentPostprocessing = 0;
		};
/* End PBXSourcesBuildPhase section */

/* Begin PBXTargetDependency section */
		FADEE4221E731A7900189953 /* PBXTargetDependency */ = {
			isa = PBXTargetDependency;
			target = FADEE4081E731A7800189953 /* adera */;
			targetProxy = FADEE4211E731A7900189953 /* PBXContainerItemProxy */;
		};
		FADEE42D1E731A7900189953 /* PBXTargetDependency */ = {
			isa = PBXTargetDependency;
			target = FADEE4081E731A7800189953 /* adera */;
			targetProxy = FADEE42C1E731A7900189953 /* PBXContainerItemProxy */;
		};
/* End PBXTargetDependency section */

/* Begin PBXVariantGroup section */
		FADEE4101E731A7900189953 /* Main.storyboard */ = {
			isa = PBXVariantGroup;
			children = (
				FADEE4111E731A7900189953 /* Base */,
			);
			name = Main.storyboard;
			sourceTree = "<group>";
		};
		FADEE4181E731A7900189953 /* LaunchScreen.storyboard */ = {
			isa = PBXVariantGroup;
			children = (
				FADEE4191E731A7900189953 /* Base */,
			);
			name = LaunchScreen.storyboard;
			sourceTree = "<group>";
		};
/* End PBXVariantGroup section */

/* Begin XCBuildConfiguration section */
		FADEE4321E731A7900189953 /* Debug */ = {
			isa = XCBuildConfiguration;
			buildSettings = {
				ALWAYS_SEARCH_USER_PATHS = NO;
				CLANG_ANALYZER_NONNULL = YES;
				CLANG_CXX_LANGUAGE_STANDARD = "gnu++0x";
				CLANG_CXX_LIBRARY = "libc++";
				CLANG_ENABLE_MODULES = YES;
				CLANG_ENABLE_OBJC_ARC = YES;
				CLANG_WARN_BOOL_CONVERSION = YES;
				CLANG_WARN_CONSTANT_CONVERSION = YES;
				CLANG_WARN_DIRECT_OBJC_ISA_USAGE = YES_ERROR;
				CLANG_WARN_DOCUMENTATION_COMMENTS = YES;
				CLANG_WARN_EMPTY_BODY = YES;
				CLANG_WARN_ENUM_CONVERSION = YES;
				CLANG_WARN_INFINITE_RECURSION = YES;
				CLANG_WARN_INT_CONVERSION = YES;
				CLANG_WARN_OBJC_ROOT_CLASS = YES_ERROR;
				CLANG_WARN_SUSPICIOUS_MOVE = YES;
				CLANG_WARN_UNREACHABLE_CODE = YES;
				CLANG_WARN__DUPLICATE_METHOD_MATCH = YES;
				"CODE_SIGN_IDENTITY[sdk=iphoneos*]" = "iPhone Developer";
				COPY_PHASE_STRIP = NO;
				DEBUG_INFORMATION_FORMAT = dwarf;
				ENABLE_STRICT_OBJC_MSGSEND = YES;
				ENABLE_TESTABILITY = YES;
				GCC_C_LANGUAGE_STANDARD = gnu99;
				GCC_DYNAMIC_NO_PIC = NO;
				GCC_NO_COMMON_BLOCKS = YES;
				GCC_OPTIMIZATION_LEVEL = 0;
				GCC_PREPROCESSOR_DEFINITIONS = (
					"DEBUG=1",
					"$(inherited)",
				);
				GCC_WARN_64_TO_32_BIT_CONVERSION = YES;
				GCC_WARN_ABOUT_RETURN_TYPE = YES_ERROR;
				GCC_WARN_UNDECLARED_SELECTOR = YES;
				GCC_WARN_UNINITIALIZED_AUTOS = YES_AGGRESSIVE;
				GCC_WARN_UNUSED_FUNCTION = YES;
				GCC_WARN_UNUSED_VARIABLE = YES;
				IPHONEOS_DEPLOYMENT_TARGET = 10.2;
				MTL_ENABLE_DEBUG_INFO = YES;
				ONLY_ACTIVE_ARCH = YES;
				SDKROOT = iphoneos;
				SWIFT_ACTIVE_COMPILATION_CONDITIONS = DEBUG;
				SWIFT_OPTIMIZATION_LEVEL = "-Onone";
			};
			name = Debug;
		};
		FADEE4331E731A7900189953 /* Release */ = {
			isa = XCBuildConfiguration;
			buildSettings = {
				ALWAYS_SEARCH_USER_PATHS = NO;
				CLANG_ANALYZER_NONNULL = YES;
				CLANG_CXX_LANGUAGE_STANDARD = "gnu++0x";
				CLANG_CXX_LIBRARY = "libc++";
				CLANG_ENABLE_MODULES = YES;
				CLANG_ENABLE_OBJC_ARC = YES;
				CLANG_WARN_BOOL_CONVERSION = YES;
				CLANG_WARN_CONSTANT_CONVERSION = YES;
				CLANG_WARN_DIRECT_OBJC_ISA_USAGE = YES_ERROR;
				CLANG_WARN_DOCUMENTATION_COMMENTS = YES;
				CLANG_WARN_EMPTY_BODY = YES;
				CLANG_WARN_ENUM_CONVERSION = YES;
				CLANG_WARN_INFINITE_RECURSION = YES;
				CLANG_WARN_INT_CONVERSION = YES;
				CLANG_WARN_OBJC_ROOT_CLASS = YES_ERROR;
				CLANG_WARN_SUSPICIOUS_MOVE = YES;
				CLANG_WARN_UNREACHABLE_CODE = YES;
				CLANG_WARN__DUPLICATE_METHOD_MATCH = YES;
				"CODE_SIGN_IDENTITY[sdk=iphoneos*]" = "iPhone Developer";
				COPY_PHASE_STRIP = NO;
				DEBUG_INFORMATION_FORMAT = "dwarf-with-dsym";
				ENABLE_NS_ASSERTIONS = NO;
				ENABLE_STRICT_OBJC_MSGSEND = YES;
				GCC_C_LANGUAGE_STANDARD = gnu99;
				GCC_NO_COMMON_BLOCKS = YES;
				GCC_WARN_64_TO_32_BIT_CONVERSION = YES;
				GCC_WARN_ABOUT_RETURN_TYPE = YES_ERROR;
				GCC_WARN_UNDECLARED_SELECTOR = YES;
				GCC_WARN_UNINITIALIZED_AUTOS = YES_AGGRESSIVE;
				GCC_WARN_UNUSED_FUNCTION = YES;
				GCC_WARN_UNUSED_VARIABLE = YES;
				IPHONEOS_DEPLOYMENT_TARGET = 10.2;
				MTL_ENABLE_DEBUG_INFO = NO;
				SDKROOT = iphoneos;
				SWIFT_OPTIMIZATION_LEVEL = "-Owholemodule";
				VALIDATE_PRODUCT = YES;
			};
			name = Release;
		};
		FADEE4351E731A7900189953 /* Debug */ = {
			isa = XCBuildConfiguration;
			baseConfigurationReference = 1A8CC009A04617DC050824A1 /* Pods-adera.debug.xcconfig */;
			buildSettings = {
				ASSETCATALOG_COMPILER_APPICON_NAME = AppIcon;
				INFOPLIST_FILE = adera/Info.plist;
				LD_RUNPATH_SEARCH_PATHS = "$(inherited) @executable_path/Frameworks";
				PRODUCT_BUNDLE_IDENTIFIER = edu.utexas.cs378.adera;
				PRODUCT_NAME = "$(TARGET_NAME)";
				SWIFT_VERSION = 3.0;
			};
			name = Debug;
		};
		FADEE4361E731A7900189953 /* Release */ = {
			isa = XCBuildConfiguration;
			baseConfigurationReference = ED752EC4D0866F6D4D4E6014 /* Pods-adera.release.xcconfig */;
			buildSettings = {
				ASSETCATALOG_COMPILER_APPICON_NAME = AppIcon;
				INFOPLIST_FILE = adera/Info.plist;
				LD_RUNPATH_SEARCH_PATHS = "$(inherited) @executable_path/Frameworks";
				PRODUCT_BUNDLE_IDENTIFIER = edu.utexas.cs378.adera;
				PRODUCT_NAME = "$(TARGET_NAME)";
				SWIFT_VERSION = 3.0;
			};
			name = Release;
		};
		FADEE4381E731A7900189953 /* Debug */ = {
			isa = XCBuildConfiguration;
			baseConfigurationReference = AAD895CE1BAE44831E5F9720 /* Pods-aderaTests.debug.xcconfig */;
			buildSettings = {
				ALWAYS_EMBED_SWIFT_STANDARD_LIBRARIES = YES;
				BUNDLE_LOADER = "$(TEST_HOST)";
				INFOPLIST_FILE = aderaTests/Info.plist;
				LD_RUNPATH_SEARCH_PATHS = "$(inherited) @executable_path/Frameworks @loader_path/Frameworks";
				PRODUCT_BUNDLE_IDENTIFIER = edu.utexas.cs378.aderaTests;
				PRODUCT_NAME = "$(TARGET_NAME)";
				SWIFT_VERSION = 3.0;
				TEST_HOST = "$(BUILT_PRODUCTS_DIR)/adera.app/adera";
			};
			name = Debug;
		};
		FADEE4391E731A7900189953 /* Release */ = {
			isa = XCBuildConfiguration;
			baseConfigurationReference = DE61330E33B76258759BFFFB /* Pods-aderaTests.release.xcconfig */;
			buildSettings = {
				ALWAYS_EMBED_SWIFT_STANDARD_LIBRARIES = YES;
				BUNDLE_LOADER = "$(TEST_HOST)";
				INFOPLIST_FILE = aderaTests/Info.plist;
				LD_RUNPATH_SEARCH_PATHS = "$(inherited) @executable_path/Frameworks @loader_path/Frameworks";
				PRODUCT_BUNDLE_IDENTIFIER = edu.utexas.cs378.aderaTests;
				PRODUCT_NAME = "$(TARGET_NAME)";
				SWIFT_VERSION = 3.0;
				TEST_HOST = "$(BUILT_PRODUCTS_DIR)/adera.app/adera";
			};
			name = Release;
		};
		FADEE43B1E731A7900189953 /* Debug */ = {
			isa = XCBuildConfiguration;
			baseConfigurationReference = 76503484B9C4E45F4AA39A29 /* Pods-aderaUITests.debug.xcconfig */;
			buildSettings = {
				ALWAYS_EMBED_SWIFT_STANDARD_LIBRARIES = YES;
				INFOPLIST_FILE = aderaUITests/Info.plist;
				LD_RUNPATH_SEARCH_PATHS = "$(inherited) @executable_path/Frameworks @loader_path/Frameworks";
				PRODUCT_BUNDLE_IDENTIFIER = edu.utexas.cs378.aderaUITests;
				PRODUCT_NAME = "$(TARGET_NAME)";
				SWIFT_VERSION = 3.0;
				TEST_TARGET_NAME = adera;
			};
			name = Debug;
		};
		FADEE43C1E731A7900189953 /* Release */ = {
			isa = XCBuildConfiguration;
			baseConfigurationReference = A005F5107DB43513C9A170A1 /* Pods-aderaUITests.release.xcconfig */;
			buildSettings = {
				ALWAYS_EMBED_SWIFT_STANDARD_LIBRARIES = YES;
				INFOPLIST_FILE = aderaUITests/Info.plist;
				LD_RUNPATH_SEARCH_PATHS = "$(inherited) @executable_path/Frameworks @loader_path/Frameworks";
				PRODUCT_BUNDLE_IDENTIFIER = edu.utexas.cs378.aderaUITests;
				PRODUCT_NAME = "$(TARGET_NAME)";
				SWIFT_VERSION = 3.0;
				TEST_TARGET_NAME = adera;
			};
			name = Release;
		};
/* End XCBuildConfiguration section */

/* Begin XCConfigurationList section */
		FADEE4041E731A7800189953 /* Build configuration list for PBXProject "adera" */ = {
			isa = XCConfigurationList;
			buildConfigurations = (
				FADEE4321E731A7900189953 /* Debug */,
				FADEE4331E731A7900189953 /* Release */,
			);
			defaultConfigurationIsVisible = 0;
			defaultConfigurationName = Release;
		};
		FADEE4341E731A7900189953 /* Build configuration list for PBXNativeTarget "adera" */ = {
			isa = XCConfigurationList;
			buildConfigurations = (
				FADEE4351E731A7900189953 /* Debug */,
				FADEE4361E731A7900189953 /* Release */,
			);
			defaultConfigurationIsVisible = 0;
			defaultConfigurationName = Release;
		};
		FADEE4371E731A7900189953 /* Build configuration list for PBXNativeTarget "aderaTests" */ = {
			isa = XCConfigurationList;
			buildConfigurations = (
				FADEE4381E731A7900189953 /* Debug */,
				FADEE4391E731A7900189953 /* Release */,
			);
			defaultConfigurationIsVisible = 0;
			defaultConfigurationName = Release;
		};
		FADEE43A1E731A7900189953 /* Build configuration list for PBXNativeTarget "aderaUITests" */ = {
			isa = XCConfigurationList;
			buildConfigurations = (
				FADEE43B1E731A7900189953 /* Debug */,
				FADEE43C1E731A7900189953 /* Release */,
			);
			defaultConfigurationIsVisible = 0;
			defaultConfigurationName = Release;
		};
/* End XCConfigurationList section */

/* Begin XCVersionGroup section */
		FADEE4131E731A7900189953 /* adera.xcdatamodeld */ = {
			isa = XCVersionGroup;
			children = (
				FADEE4141E731A7900189953 /* adera.xcdatamodel */,
			);
			currentVersion = FADEE4141E731A7900189953 /* adera.xcdatamodel */;
			path = adera.xcdatamodeld;
			sourceTree = "<group>";
			versionGroupType = wrapper.xcdatamodel;
		};
/* End XCVersionGroup section */
	};
	rootObject = FADEE4011E731A7800189953 /* Project object */;
}
