// !$*UTF8*$!
{
	archiveVersion = 1;
	classes = {
	};
	objectVersion = 46;
	objects = {

/* Begin PBXBuildFile section */
		220E46CF1E8383C500BC7A26 /* ChatViewController.swift in Sources */ = {isa = PBXBuildFile; fileRef = 220E46CE1E8383C500BC7A26 /* ChatViewController.swift */; };
		220E46D41E83963300BC7A26 /* JSQMessagesViewController.framework in Frameworks */ = {isa = PBXBuildFile; fileRef = 220E46D01E83963200BC7A26 /* JSQMessagesViewController.framework */; };
		220E46D51E83963300BC7A26 /* JSQSystemSoundPlayer.framework in Frameworks */ = {isa = PBXBuildFile; fileRef = 220E46D11E83963200BC7A26 /* JSQSystemSoundPlayer.framework */; };
		220E46D61E83963300BC7A26 /* Pods_aderaTests.framework in Frameworks */ = {isa = PBXBuildFile; fileRef = 220E46D21E83963200BC7A26 /* Pods_aderaTests.framework */; };
		220E46D71E83963300BC7A26 /* Pods_aderaUITests.framework in Frameworks */ = {isa = PBXBuildFile; fileRef = 220E46D31E83963200BC7A26 /* Pods_aderaUITests.framework */; };
		5543E3EEB0AE1D7F531443FA /* Pods_aderaUITests.framework in Frameworks */ = {isa = PBXBuildFile; fileRef = D78F5637A6591278DE1BFE1D /* Pods_aderaUITests.framework */; };
		7D5E1C98E3D86FC6B126FA74 /* Pods_aderaTests.framework in Frameworks */ = {isa = PBXBuildFile; fileRef = 5F33DDE913811EEEF877C243 /* Pods_aderaTests.framework */; };
		ADDCFA72D47A5180BEFC8C7C /* Pods_adera.framework in Frameworks */ = {isa = PBXBuildFile; fileRef = 7455BA5C76C0D04A01039673 /* Pods_adera.framework */; };
		BCED470F186C4DFDA449734B /* Topic.swift in Sources */ = {isa = PBXBuildFile; fileRef = BCED4B1ED35744FE66B5B0C5 /* Topic.swift */; };
		BCED47FC37B7AA167F7EE886 /* Channel.swift in Sources */ = {isa = PBXBuildFile; fileRef = BCED46A62981D27F365CFC3E /* Channel.swift */; };
		BCED48F9C493BA8DAE79F04E /* TopicTableViewDelegate.swift in Sources */ = {isa = PBXBuildFile; fileRef = BCED4772B1F94BF00C1D112E /* TopicTableViewDelegate.swift */; };
		BCED4FF41125F7CDDC5B6CB4 /* BrowsePublicChannelsTableViewDelegate.swift in Sources */ = {isa = PBXBuildFile; fileRef = BCED45F5BFF4A599C8AC2F87 /* BrowsePublicChannelsTableViewDelegate.swift */; };
		D85071D81E836121004EF00A /* AccountDefaultSettings.swift in Sources */ = {isa = PBXBuildFile; fileRef = D85071D71E836121004EF00A /* AccountDefaultSettings.swift */; };
		D8AA22011E82F99D00F0D140 /* SettingsTableViewController.swift in Sources */ = {isa = PBXBuildFile; fileRef = D8AA22001E82F99D00F0D140 /* SettingsTableViewController.swift */; };
		D8BBA7601E8427CB00C2FB03 /* Avatar.jpg in Resources */ = {isa = PBXBuildFile; fileRef = D8BBA75F1E8427CB00C2FB03 /* Avatar.jpg */; };
		D8E4C7791E8342AB00FDB95C /* SettingsViewController.swift in Sources */ = {isa = PBXBuildFile; fileRef = D8E4C7781E8342AB00FDB95C /* SettingsViewController.swift */; };
		FAB5F6521E7EE33F00B1CB5C /* Plus-50@2x.png in Resources */ = {isa = PBXBuildFile; fileRef = FAB5F6511E7EE33F00B1CB5C /* Plus-50@2x.png */; };
		FAD46BE61E7DE5040035F403 /* ChannelTopicTableViewController.swift in Sources */ = {isa = PBXBuildFile; fileRef = FAD46BE51E7DE5040035F403 /* ChannelTopicTableViewController.swift */; };
		FAD46BE91E7DED3C0035F403 /* ChannelTopicCell.swift in Sources */ = {isa = PBXBuildFile; fileRef = FAD46BE81E7DED3C0035F403 /* ChannelTopicCell.swift */; };
		FAD46BEE1E7E04600035F403 /* Settings-50@2x.png in Resources */ = {isa = PBXBuildFile; fileRef = FAD46BED1E7E04600035F403 /* Settings-50@2x.png */; };
		FAD46BF01E7E06630035F403 /* MyChannelsTableViewDelegate.swift in Sources */ = {isa = PBXBuildFile; fileRef = FAD46BEF1E7E06630035F403 /* MyChannelsTableViewDelegate.swift */; };
		FAD46BF21E7E10620035F403 /* GoogleService-Info.plist in Resources */ = {isa = PBXBuildFile; fileRef = FAD46BF11E7E10620035F403 /* GoogleService-Info.plist */; };
		FAD46BF51E7E13F50035F403 /* CreateChannelViewController.swift in Sources */ = {isa = PBXBuildFile; fileRef = FAD46BF41E7E13F50035F403 /* CreateChannelViewController.swift */; };
		FADEE40D1E731A7900189953 /* AppDelegate.swift in Sources */ = {isa = PBXBuildFile; fileRef = FADEE40C1E731A7900189953 /* AppDelegate.swift */; };
		FADEE4121E731A7900189953 /* Main.storyboard in Resources */ = {isa = PBXBuildFile; fileRef = FADEE4101E731A7900189953 /* Main.storyboard */; };
		FADEE4151E731A7900189953 /* adera.xcdatamodeld in Sources */ = {isa = PBXBuildFile; fileRef = FADEE4131E731A7900189953 /* adera.xcdatamodeld */; };
		FADEE4171E731A7900189953 /* Assets.xcassets in Resources */ = {isa = PBXBuildFile; fileRef = FADEE4161E731A7900189953 /* Assets.xcassets */; };
		FADEE41A1E731A7900189953 /* LaunchScreen.storyboard in Resources */ = {isa = PBXBuildFile; fileRef = FADEE4181E731A7900189953 /* LaunchScreen.storyboard */; };
		FADEE4251E731A7900189953 /* aderaTests.swift in Sources */ = {isa = PBXBuildFile; fileRef = FADEE4241E731A7900189953 /* aderaTests.swift */; };
		FADEE4301E731A7900189953 /* aderaUITests.swift in Sources */ = {isa = PBXBuildFile; fileRef = FADEE42F1E731A7900189953 /* aderaUITests.swift */; };
		FAF1F8051E763C79008DA769 /* LoginViewController.swift in Sources */ = {isa = PBXBuildFile; fileRef = FAF1F8041E763C79008DA769 /* LoginViewController.swift */; };
/* End PBXBuildFile section */

/* Begin PBXContainerItemProxy section */
		FADEE4211E731A7900189953 /* PBXContainerItemProxy */ = {
			isa = PBXContainerItemProxy;
			containerPortal = FADEE4011E731A7800189953 /* Project object */;
			proxyType = 1;
			remoteGlobalIDString = FADEE4081E731A7800189953;
			remoteInfo = adera;
		};
		FADEE42C1E731A7900189953 /* PBXContainerItemProxy */ = {
			isa = PBXContainerItemProxy;
			containerPortal = FADEE4011E731A7800189953 /* Project object */;
			proxyType = 1;
			remoteGlobalIDString = FADEE4081E731A7800189953;
			remoteInfo = adera;
		};
/* End PBXContainerItemProxy section */

/* Begin PBXFileReference section */
		054EDB403B01D87FD4F1EE19 /* Pods-adera.debug.xcconfig */ = {isa = PBXFileReference; includeInIndex = 1; lastKnownFileType = text.xcconfig; name = "Pods-adera.debug.xcconfig"; path = "Pods/Target Support Files/Pods-adera/Pods-adera.debug.xcconfig"; sourceTree = "<group>"; };
		220E46CE1E8383C500BC7A26 /* ChatViewController.swift */ = {isa = PBXFileReference; fileEncoding = 4; lastKnownFileType = sourcecode.swift; path = ChatViewController.swift; sourceTree = "<group>"; };
		220E46D01E83963200BC7A26 /* JSQMessagesViewController.framework */ = {isa = PBXFileReference; lastKnownFileType = wrapper.framework; name = JSQMessagesViewController.framework; path = "Pods/../build/Debug-iphoneos/JSQMessagesViewController/JSQMessagesViewController.framework"; sourceTree = "<group>"; };
		220E46D11E83963200BC7A26 /* JSQSystemSoundPlayer.framework */ = {isa = PBXFileReference; lastKnownFileType = wrapper.framework; name = JSQSystemSoundPlayer.framework; path = "Pods/../build/Debug-iphoneos/JSQSystemSoundPlayer/JSQSystemSoundPlayer.framework"; sourceTree = "<group>"; };
		220E46D21E83963200BC7A26 /* Pods_aderaTests.framework */ = {isa = PBXFileReference; lastKnownFileType = wrapper.framework; name = Pods_aderaTests.framework; path = "Pods/../build/Debug-iphoneos/Pods_aderaTests.framework"; sourceTree = "<group>"; };
		220E46D31E83963200BC7A26 /* Pods_aderaUITests.framework */ = {isa = PBXFileReference; lastKnownFileType = wrapper.framework; name = Pods_aderaUITests.framework; path = "Pods/../build/Debug-iphoneos/Pods_aderaUITests.framework"; sourceTree = "<group>"; };
		243E68CA32183994D9E54994 /* Pods-aderaUITests.debug.xcconfig */ = {isa = PBXFileReference; includeInIndex = 1; lastKnownFileType = text.xcconfig; name = "Pods-aderaUITests.debug.xcconfig"; path = "Pods/Target Support Files/Pods-aderaUITests/Pods-aderaUITests.debug.xcconfig"; sourceTree = "<group>"; };
		371D6EA2B76EA6B4C93122D5 /* Pods-adera.release.xcconfig */ = {isa = PBXFileReference; includeInIndex = 1; lastKnownFileType = text.xcconfig; name = "Pods-adera.release.xcconfig"; path = "Pods/Target Support Files/Pods-adera/Pods-adera.release.xcconfig"; sourceTree = "<group>"; };
		5F33DDE913811EEEF877C243 /* Pods_aderaTests.framework */ = {isa = PBXFileReference; explicitFileType = wrapper.framework; includeInIndex = 0; path = Pods_aderaTests.framework; sourceTree = BUILT_PRODUCTS_DIR; };
		7455BA5C76C0D04A01039673 /* Pods_adera.framework */ = {isa = PBXFileReference; explicitFileType = wrapper.framework; includeInIndex = 0; path = Pods_adera.framework; sourceTree = BUILT_PRODUCTS_DIR; };
		BCED45F5BFF4A599C8AC2F87 /* BrowsePublicChannelsTableViewDelegate.swift */ = {isa = PBXFileReference; fileEncoding = 4; lastKnownFileType = sourcecode.swift; path = BrowsePublicChannelsTableViewDelegate.swift; sourceTree = "<group>"; };
		BCED46A62981D27F365CFC3E /* Channel.swift */ = {isa = PBXFileReference; fileEncoding = 4; lastKnownFileType = sourcecode.swift; path = Channel.swift; sourceTree = "<group>"; };
		BCED4772B1F94BF00C1D112E /* TopicTableViewDelegate.swift */ = {isa = PBXFileReference; fileEncoding = 4; lastKnownFileType = sourcecode.swift; path = TopicTableViewDelegate.swift; sourceTree = "<group>"; };
		BCED4B1ED35744FE66B5B0C5 /* Topic.swift */ = {isa = PBXFileReference; fileEncoding = 4; lastKnownFileType = sourcecode.swift; path = Topic.swift; sourceTree = "<group>"; };
		CD7250D8D0ED9C375F479363 /* Pods-aderaUITests.release.xcconfig */ = {isa = PBXFileReference; includeInIndex = 1; lastKnownFileType = text.xcconfig; name = "Pods-aderaUITests.release.xcconfig"; path = "Pods/Target Support Files/Pods-aderaUITests/Pods-aderaUITests.release.xcconfig"; sourceTree = "<group>"; };
		D78F5637A6591278DE1BFE1D /* Pods_aderaUITests.framework */ = {isa = PBXFileReference; explicitFileType = wrapper.framework; includeInIndex = 0; path = Pods_aderaUITests.framework; sourceTree = BUILT_PRODUCTS_DIR; };
		D85071D71E836121004EF00A /* AccountDefaultSettings.swift */ = {isa = PBXFileReference; fileEncoding = 4; lastKnownFileType = sourcecode.swift; path = AccountDefaultSettings.swift; sourceTree = "<group>"; };
		D8AA22001E82F99D00F0D140 /* SettingsTableViewController.swift */ = {isa = PBXFileReference; fileEncoding = 4; lastKnownFileType = sourcecode.swift; path = SettingsTableViewController.swift; sourceTree = "<group>"; };
		D8BBA75F1E8427CB00C2FB03 /* Avatar.jpg */ = {isa = PBXFileReference; lastKnownFileType = image.jpeg; path = Avatar.jpg; sourceTree = "<group>"; };
		D8E4C7781E8342AB00FDB95C /* SettingsViewController.swift */ = {isa = PBXFileReference; fileEncoding = 4; lastKnownFileType = sourcecode.swift; path = SettingsViewController.swift; sourceTree = "<group>"; };
		ED35F477CA5B0DCFC94C9759 /* Pods-aderaTests.release.xcconfig */ = {isa = PBXFileReference; includeInIndex = 1; lastKnownFileType = text.xcconfig; name = "Pods-aderaTests.release.xcconfig"; path = "Pods/Target Support Files/Pods-aderaTests/Pods-aderaTests.release.xcconfig"; sourceTree = "<group>"; };
		EE54A0644E257F1D10C2E132 /* Pods-aderaTests.debug.xcconfig */ = {isa = PBXFileReference; includeInIndex = 1; lastKnownFileType = text.xcconfig; name = "Pods-aderaTests.debug.xcconfig"; path = "Pods/Target Support Files/Pods-aderaTests/Pods-aderaTests.debug.xcconfig"; sourceTree = "<group>"; };
		FAB5F6511E7EE33F00B1CB5C /* Plus-50@2x.png */ = {isa = PBXFileReference; lastKnownFileType = image.png; path = "Plus-50@2x.png"; sourceTree = "<group>"; };
		FAD46BE51E7DE5040035F403 /* ChannelTopicTableViewController.swift */ = {isa = PBXFileReference; fileEncoding = 4; lastKnownFileType = sourcecode.swift; path = ChannelTopicTableViewController.swift; sourceTree = "<group>"; };
		FAD46BE81E7DED3C0035F403 /* ChannelTopicCell.swift */ = {isa = PBXFileReference; fileEncoding = 4; lastKnownFileType = sourcecode.swift; path = ChannelTopicCell.swift; sourceTree = "<group>"; };
		FAD46BED1E7E04600035F403 /* Settings-50@2x.png */ = {isa = PBXFileReference; lastKnownFileType = image.png; path = "Settings-50@2x.png"; sourceTree = "<group>"; };
		FAD46BEF1E7E06630035F403 /* MyChannelsTableViewDelegate.swift */ = {isa = PBXFileReference; fileEncoding = 4; lastKnownFileType = sourcecode.swift; path = MyChannelsTableViewDelegate.swift; sourceTree = "<group>"; };
		FAD46BF11E7E10620035F403 /* GoogleService-Info.plist */ = {isa = PBXFileReference; fileEncoding = 4; lastKnownFileType = text.plist.xml; name = "GoogleService-Info.plist"; path = "../GoogleService-Info.plist"; sourceTree = "<group>"; };
		FAD46BF41E7E13F50035F403 /* CreateChannelViewController.swift */ = {isa = PBXFileReference; fileEncoding = 4; lastKnownFileType = sourcecode.swift; path = CreateChannelViewController.swift; sourceTree = "<group>"; };
		FADEE4091E731A7900189953 /* adera.app */ = {isa = PBXFileReference; explicitFileType = wrapper.application; includeInIndex = 0; path = adera.app; sourceTree = BUILT_PRODUCTS_DIR; };
		FADEE40C1E731A7900189953 /* AppDelegate.swift */ = {isa = PBXFileReference; lastKnownFileType = sourcecode.swift; path = AppDelegate.swift; sourceTree = "<group>"; };
		FADEE4111E731A7900189953 /* Base */ = {isa = PBXFileReference; lastKnownFileType = file.storyboard; name = Base; path = Base.lproj/Main.storyboard; sourceTree = "<group>"; };
		FADEE4141E731A7900189953 /* adera.xcdatamodel */ = {isa = PBXFileReference; lastKnownFileType = wrapper.xcdatamodel; path = adera.xcdatamodel; sourceTree = "<group>"; };
		FADEE4161E731A7900189953 /* Assets.xcassets */ = {isa = PBXFileReference; lastKnownFileType = folder.assetcatalog; path = Assets.xcassets; sourceTree = "<group>"; };
		FADEE4191E731A7900189953 /* Base */ = {isa = PBXFileReference; lastKnownFileType = file.storyboard; name = Base; path = Base.lproj/LaunchScreen.storyboard; sourceTree = "<group>"; };
		FADEE41B1E731A7900189953 /* Info.plist */ = {isa = PBXFileReference; lastKnownFileType = text.plist.xml; path = Info.plist; sourceTree = "<group>"; };
		FADEE4201E731A7900189953 /* aderaTests.xctest */ = {isa = PBXFileReference; explicitFileType = wrapper.cfbundle; includeInIndex = 0; path = aderaTests.xctest; sourceTree = BUILT_PRODUCTS_DIR; };
		FADEE4241E731A7900189953 /* aderaTests.swift */ = {isa = PBXFileReference; lastKnownFileType = sourcecode.swift; path = aderaTests.swift; sourceTree = "<group>"; };
		FADEE4261E731A7900189953 /* Info.plist */ = {isa = PBXFileReference; lastKnownFileType = text.plist.xml; path = Info.plist; sourceTree = "<group>"; };
		FADEE42B1E731A7900189953 /* aderaUITests.xctest */ = {isa = PBXFileReference; explicitFileType = wrapper.cfbundle; includeInIndex = 0; path = aderaUITests.xctest; sourceTree = BUILT_PRODUCTS_DIR; };
		FADEE42F1E731A7900189953 /* aderaUITests.swift */ = {isa = PBXFileReference; lastKnownFileType = sourcecode.swift; path = aderaUITests.swift; sourceTree = "<group>"; };
		FADEE4311E731A7900189953 /* Info.plist */ = {isa = PBXFileReference; lastKnownFileType = text.plist.xml; path = Info.plist; sourceTree = "<group>"; };
		FAF1F8041E763C79008DA769 /* LoginViewController.swift */ = {isa = PBXFileReference; fileEncoding = 4; lastKnownFileType = sourcecode.swift; path = LoginViewController.swift; sourceTree = "<group>"; };
/* End PBXFileReference section */

/* Begin PBXFrameworksBuildPhase section */
		FADEE4061E731A7800189953 /* Frameworks */ = {
			isa = PBXFrameworksBuildPhase;
			buildActionMask = 2147483647;
			files = (
				220E46D41E83963300BC7A26 /* JSQMessagesViewController.framework in Frameworks */,
				220E46D51E83963300BC7A26 /* JSQSystemSoundPlayer.framework in Frameworks */,
				220E46D61E83963300BC7A26 /* Pods_aderaTests.framework in Frameworks */,
				220E46D71E83963300BC7A26 /* Pods_aderaUITests.framework in Frameworks */,
				ADDCFA72D47A5180BEFC8C7C /* Pods_adera.framework in Frameworks */,
			);
			runOnlyForDeploymentPostprocessing = 0;
		};
		FADEE41D1E731A7900189953 /* Frameworks */ = {
			isa = PBXFrameworksBuildPhase;
			buildActionMask = 2147483647;
			files = (
				7D5E1C98E3D86FC6B126FA74 /* Pods_aderaTests.framework in Frameworks */,
			);
			runOnlyForDeploymentPostprocessing = 0;
		};
		FADEE4281E731A7900189953 /* Frameworks */ = {
			isa = PBXFrameworksBuildPhase;
			buildActionMask = 2147483647;
			files = (
				5543E3EEB0AE1D7F531443FA /* Pods_aderaUITests.framework in Frameworks */,
			);
			runOnlyForDeploymentPostprocessing = 0;
		};
/* End PBXFrameworksBuildPhase section */

/* Begin PBXGroup section */
		50CE3074B649ADF335F7A072 /* Pods */ = {
			isa = PBXGroup;
			children = (
				054EDB403B01D87FD4F1EE19 /* Pods-adera.debug.xcconfig */,
				371D6EA2B76EA6B4C93122D5 /* Pods-adera.release.xcconfig */,
				EE54A0644E257F1D10C2E132 /* Pods-aderaTests.debug.xcconfig */,
				ED35F477CA5B0DCFC94C9759 /* Pods-aderaTests.release.xcconfig */,
				243E68CA32183994D9E54994 /* Pods-aderaUITests.debug.xcconfig */,
				CD7250D8D0ED9C375F479363 /* Pods-aderaUITests.release.xcconfig */,
			);
			name = Pods;
			sourceTree = "<group>";
		};
		83295ADA438135CE285F6B0C /* Frameworks */ = {
			isa = PBXGroup;
			children = (
				220E46D01E83963200BC7A26 /* JSQMessagesViewController.framework */,
				220E46D11E83963200BC7A26 /* JSQSystemSoundPlayer.framework */,
				220E46D21E83963200BC7A26 /* Pods_aderaTests.framework */,
				220E46D31E83963200BC7A26 /* Pods_aderaUITests.framework */,
				7455BA5C76C0D04A01039673 /* Pods_adera.framework */,
				5F33DDE913811EEEF877C243 /* Pods_aderaTests.framework */,
				D78F5637A6591278DE1BFE1D /* Pods_aderaUITests.framework */,
			);
			name = Frameworks;
			sourceTree = "<group>";
		};
		D8BB601B1E82E908000B0EF5 /* Settings */ = {
			isa = PBXGroup;
			children = (
				D8E4C7781E8342AB00FDB95C /* SettingsViewController.swift */,
				D8AA22001E82F99D00F0D140 /* SettingsTableViewController.swift */,
				D85071D71E836121004EF00A /* AccountDefaultSettings.swift */,
			);
			name = Settings;
			sourceTree = "<group>";
		};
		FAB5F6501E7ECBDF00B1CB5C /* Topic */ = {
			isa = PBXGroup;
			children = (
				BCED4B1ED35744FE66B5B0C5 /* Topic.swift */,
				BCED4772B1F94BF00C1D112E /* TopicTableViewDelegate.swift */,
				220E46CE1E8383C500BC7A26 /* ChatViewController.swift */,
			);
			name = Topic;
			sourceTree = "<group>";
		};
		FAD46BE71E7DE5100035F403 /* Channel/Topic */ = {
			isa = PBXGroup;
			children = (
				FAB5F6501E7ECBDF00B1CB5C /* Topic */,
				FAD46BF31E7E13AA0035F403 /* Channel */,
				FAD46BE51E7DE5040035F403 /* ChannelTopicTableViewController.swift */,
				FAD46BE81E7DED3C0035F403 /* ChannelTopicCell.swift */,
			);
			name = Channel/Topic;
			sourceTree = "<group>";
		};
		FAD46BEC1E7E03670035F403 /* Images */ = {
			isa = PBXGroup;
			children = (
				FAB5F6511E7EE33F00B1CB5C /* Plus-50@2x.png */,
				FAD46BED1E7E04600035F403 /* Settings-50@2x.png */,
			);
			name = Images;
			sourceTree = "<group>";
		};
		FAD46BF31E7E13AA0035F403 /* Channel */ = {
			isa = PBXGroup;
			children = (
				FAD46BF41E7E13F50035F403 /* CreateChannelViewController.swift */,
				FAD46BEF1E7E06630035F403 /* MyChannelsTableViewDelegate.swift */,
				BCED46A62981D27F365CFC3E /* Channel.swift */,
				BCED45F5BFF4A599C8AC2F87 /* BrowsePublicChannelsTableViewDelegate.swift */,
			);
			name = Channel;
			sourceTree = "<group>";
		};
		FADEE4001E731A7800189953 = {
			isa = PBXGroup;
			children = (
				FADEE40B1E731A7900189953 /* adera */,
				FADEE4231E731A7900189953 /* aderaTests */,
				FADEE42E1E731A7900189953 /* aderaUITests */,
				FADEE40A1E731A7900189953 /* Products */,
				50CE3074B649ADF335F7A072 /* Pods */,
				83295ADA438135CE285F6B0C /* Frameworks */,
			);
			sourceTree = "<group>";
		};
		FADEE40A1E731A7900189953 /* Products */ = {
			isa = PBXGroup;
			children = (
				FADEE4091E731A7900189953 /* adera.app */,
				FADEE4201E731A7900189953 /* aderaTests.xctest */,
				FADEE42B1E731A7900189953 /* aderaUITests.xctest */,
			);
			name = Products;
			sourceTree = "<group>";
		};
		FADEE40B1E731A7900189953 /* adera */ = {
			isa = PBXGroup;
			children = (
				FAF1F80B1E763E0D008DA769 /* Resource */,
				FADEE40C1E731A7900189953 /* AppDelegate.swift */,
				FADEE4101E731A7900189953 /* Main.storyboard */,
				FADEE4161E731A7900189953 /* Assets.xcassets */,
				FAD46BF11E7E10620035F403 /* GoogleService-Info.plist */,
				FADEE4181E731A7900189953 /* LaunchScreen.storyboard */,
				FADEE41B1E731A7900189953 /* Info.plist */,
				FADEE4131E731A7900189953 /* adera.xcdatamodeld */,
				D8BBA75F1E8427CB00C2FB03 /* Avatar.jpg */,
				FAD46BE71E7DE5100035F403 /* Channel/Topic */,
				FAF1F8061E763C83008DA769 /* Login/Register */,
				D8BB601B1E82E908000B0EF5 /* Settings */,
			);
			path = adera;
			sourceTree = "<group>";
		};
		FADEE4231E731A7900189953 /* aderaTests */ = {
			isa = PBXGroup;
			children = (
				FADEE4241E731A7900189953 /* aderaTests.swift */,
				FADEE4261E731A7900189953 /* Info.plist */,
			);
			path = aderaTests;
			sourceTree = "<group>";
		};
		FADEE42E1E731A7900189953 /* aderaUITests */ = {
			isa = PBXGroup;
			children = (
				FADEE42F1E731A7900189953 /* aderaUITests.swift */,
				FADEE4311E731A7900189953 /* Info.plist */,
			);
			path = aderaUITests;
			sourceTree = "<group>";
		};
		FAF1F8061E763C83008DA769 /* Login/Register */ = {
			isa = PBXGroup;
			children = (
				FAF1F8041E763C79008DA769 /* LoginViewController.swift */,
			);
			name = Login/Register;
			sourceTree = "<group>";
		};
		FAF1F80B1E763E0D008DA769 /* Resource */ = {
			isa = PBXGroup;
			children = (
				FAD46BEC1E7E03670035F403 /* Images */,
			);
			name = Resource;
			sourceTree = "<group>";
		};
/* End PBXGroup section */

/* Begin PBXNativeTarget section */
		FADEE4081E731A7800189953 /* adera */ = {
			isa = PBXNativeTarget;
			buildConfigurationList = FADEE4341E731A7900189953 /* Build configuration list for PBXNativeTarget "adera" */;
			buildPhases = (
				A81DB5AC0A36AC4C80672FF3 /* [CP] Check Pods Manifest.lock */,
				FADEE4051E731A7800189953 /* Sources */,
				FADEE4061E731A7800189953 /* Frameworks */,
				FADEE4071E731A7800189953 /* Resources */,
				6E243B218F6B6E1093F14300 /* [CP] Embed Pods Frameworks */,
				E73FE405E33BF3D2D6203DEE /* [CP] Copy Pods Resources */,
			);
			buildRules = (
			);
			dependencies = (
			);
			name = adera;
			productName = adera;
			productReference = FADEE4091E731A7900189953 /* adera.app */;
			productType = "com.apple.product-type.application";
		};
		FADEE41F1E731A7900189953 /* aderaTests */ = {
			isa = PBXNativeTarget;
			buildConfigurationList = FADEE4371E731A7900189953 /* Build configuration list for PBXNativeTarget "aderaTests" */;
			buildPhases = (
				10B3CCF0017061A984AC4F2F /* [CP] Check Pods Manifest.lock */,
				FADEE41C1E731A7900189953 /* Sources */,
				FADEE41D1E731A7900189953 /* Frameworks */,
				FADEE41E1E731A7900189953 /* Resources */,
				2E0EB095B0788F162AEF19F7 /* [CP] Embed Pods Frameworks */,
				4BC3ED27AF534A63CE5138B6 /* [CP] Copy Pods Resources */,
			);
			buildRules = (
			);
			dependencies = (
				FADEE4221E731A7900189953 /* PBXTargetDependency */,
			);
			name = aderaTests;
			productName = aderaTests;
			productReference = FADEE4201E731A7900189953 /* aderaTests.xctest */;
			productType = "com.apple.product-type.bundle.unit-test";
		};
		FADEE42A1E731A7900189953 /* aderaUITests */ = {
			isa = PBXNativeTarget;
			buildConfigurationList = FADEE43A1E731A7900189953 /* Build configuration list for PBXNativeTarget "aderaUITests" */;
			buildPhases = (
				259DDC925717903AD5A31841 /* [CP] Check Pods Manifest.lock */,
				FADEE4271E731A7900189953 /* Sources */,
				FADEE4281E731A7900189953 /* Frameworks */,
				FADEE4291E731A7900189953 /* Resources */,
				7DD6207D13E3D5F9A6F72771 /* [CP] Embed Pods Frameworks */,
				A33C0A3A68109E8069326FB9 /* [CP] Copy Pods Resources */,
			);
			buildRules = (
			);
			dependencies = (
				FADEE42D1E731A7900189953 /* PBXTargetDependency */,
			);
			name = aderaUITests;
			productName = aderaUITests;
			productReference = FADEE42B1E731A7900189953 /* aderaUITests.xctest */;
			productType = "com.apple.product-type.bundle.ui-testing";
		};
/* End PBXNativeTarget section */

/* Begin PBXProject section */
		FADEE4011E731A7800189953 /* Project object */ = {
			isa = PBXProject;
			attributes = {
				LastSwiftUpdateCheck = 0820;
				LastUpgradeCheck = 0820;
				ORGANIZATIONNAME = "Svyatoslav Ilinskiy";
				TargetAttributes = {
					FADEE4081E731A7800189953 = {
						CreatedOnToolsVersion = 8.2.1;
						ProvisioningStyle = Automatic;
					};
					FADEE41F1E731A7900189953 = {
						CreatedOnToolsVersion = 8.2.1;
						ProvisioningStyle = Automatic;
						TestTargetID = FADEE4081E731A7800189953;
					};
					FADEE42A1E731A7900189953 = {
						CreatedOnToolsVersion = 8.2.1;
						ProvisioningStyle = Automatic;
						TestTargetID = FADEE4081E731A7800189953;
					};
				};
			};
			buildConfigurationList = FADEE4041E731A7800189953 /* Build configuration list for PBXProject "adera" */;
			compatibilityVersion = "Xcode 3.2";
			developmentRegion = English;
			hasScannedForEncodings = 0;
			knownRegions = (
				en,
				Base,
			);
			mainGroup = FADEE4001E731A7800189953;
			productRefGroup = FADEE40A1E731A7900189953 /* Products */;
			projectDirPath = "";
			projectRoot = "";
			targets = (
				FADEE4081E731A7800189953 /* adera */,
				FADEE41F1E731A7900189953 /* aderaTests */,
				FADEE42A1E731A7900189953 /* aderaUITests */,
			);
		};
/* End PBXProject section */

/* Begin PBXResourcesBuildPhase section */
		FADEE4071E731A7800189953 /* Resources */ = {
			isa = PBXResourcesBuildPhase;
			buildActionMask = 2147483647;
			files = (
				D8BBA7601E8427CB00C2FB03 /* Avatar.jpg in Resources */,
				FAB5F6521E7EE33F00B1CB5C /* Plus-50@2x.png in Resources */,
				FAD46BEE1E7E04600035F403 /* Settings-50@2x.png in Resources */,
				FADEE41A1E731A7900189953 /* LaunchScreen.storyboard in Resources */,
				FAD46BF21E7E10620035F403 /* GoogleService-Info.plist in Resources */,
				FADEE4171E731A7900189953 /* Assets.xcassets in Resources */,
				FADEE4121E731A7900189953 /* Main.storyboard in Resources */,
			);
			runOnlyForDeploymentPostprocessing = 0;
		};
		FADEE41E1E731A7900189953 /* Resources */ = {
			isa = PBXResourcesBuildPhase;
			buildActionMask = 2147483647;
			files = (
			);
			runOnlyForDeploymentPostprocessing = 0;
		};
		FADEE4291E731A7900189953 /* Resources */ = {
			isa = PBXResourcesBuildPhase;
			buildActionMask = 2147483647;
			files = (
			);
			runOnlyForDeploymentPostprocessing = 0;
		};
/* End PBXResourcesBuildPhase section */

/* Begin PBXShellScriptBuildPhase section */
		10B3CCF0017061A984AC4F2F /* [CP] Check Pods Manifest.lock */ = {
			isa = PBXShellScriptBuildPhase;
			buildActionMask = 2147483647;
			files = (
			);
			inputPaths = (
			);
			name = "[CP] Check Pods Manifest.lock";
			outputPaths = (
			);
			runOnlyForDeploymentPostprocessing = 0;
			shellPath = /bin/sh;
			shellScript = "diff \"${PODS_ROOT}/../Podfile.lock\" \"${PODS_ROOT}/Manifest.lock\" > /dev/null\nif [ $? != 0 ] ; then\n    # print error to STDERR\n    echo \"error: The sandbox is not in sync with the Podfile.lock. Run 'pod install' or update your CocoaPods installation.\" >&2\n    exit 1\nfi\n";
			showEnvVarsInLog = 0;
		};
		259DDC925717903AD5A31841 /* [CP] Check Pods Manifest.lock */ = {
			isa = PBXShellScriptBuildPhase;
			buildActionMask = 2147483647;
			files = (
			);
			inputPaths = (
			);
			name = "[CP] Check Pods Manifest.lock";
			outputPaths = (
			);
			runOnlyForDeploymentPostprocessing = 0;
			shellPath = /bin/sh;
			shellScript = "diff \"${PODS_ROOT}/../Podfile.lock\" \"${PODS_ROOT}/Manifest.lock\" > /dev/null\nif [ $? != 0 ] ; then\n    # print error to STDERR\n    echo \"error: The sandbox is not in sync with the Podfile.lock. Run 'pod install' or update your CocoaPods installation.\" >&2\n    exit 1\nfi\n";
			showEnvVarsInLog = 0;
		};
		2E0EB095B0788F162AEF19F7 /* [CP] Embed Pods Frameworks */ = {
			isa = PBXShellScriptBuildPhase;
			buildActionMask = 2147483647;
			files = (
			);
			inputPaths = (
			);
			name = "[CP] Embed Pods Frameworks";
			outputPaths = (
			);
			runOnlyForDeploymentPostprocessing = 0;
			shellPath = /bin/sh;
			shellScript = "\"${SRCROOT}/Pods/Target Support Files/Pods-aderaTests/Pods-aderaTests-frameworks.sh\"\n";
			showEnvVarsInLog = 0;
		};
		4BC3ED27AF534A63CE5138B6 /* [CP] Copy Pods Resources */ = {
			isa = PBXShellScriptBuildPhase;
			buildActionMask = 2147483647;
			files = (
			);
			inputPaths = (
			);
			name = "[CP] Copy Pods Resources";
			outputPaths = (
			);
			runOnlyForDeploymentPostprocessing = 0;
			shellPath = /bin/sh;
			shellScript = "\"${SRCROOT}/Pods/Target Support Files/Pods-aderaTests/Pods-aderaTests-resources.sh\"\n";
			showEnvVarsInLog = 0;
		};
		6E243B218F6B6E1093F14300 /* [CP] Embed Pods Frameworks */ = {
			isa = PBXShellScriptBuildPhase;
			buildActionMask = 2147483647;
			files = (
			);
			inputPaths = (
			);
			name = "[CP] Embed Pods Frameworks";
			outputPaths = (
			);
			runOnlyForDeploymentPostprocessing = 0;
			shellPath = /bin/sh;
			shellScript = "\"${SRCROOT}/Pods/Target Support Files/Pods-adera/Pods-adera-frameworks.sh\"\n";
			showEnvVarsInLog = 0;
		};
		7DD6207D13E3D5F9A6F72771 /* [CP] Embed Pods Frameworks */ = {
			isa = PBXShellScriptBuildPhase;
			buildActionMask = 2147483647;
			files = (
			);
			inputPaths = (
			);
			name = "[CP] Embed Pods Frameworks";
			outputPaths = (
			);
			runOnlyForDeploymentPostprocessing = 0;
			shellPath = /bin/sh;
			shellScript = "\"${SRCROOT}/Pods/Target Support Files/Pods-aderaUITests/Pods-aderaUITests-frameworks.sh\"\n";
			showEnvVarsInLog = 0;
		};
		A33C0A3A68109E8069326FB9 /* [CP] Copy Pods Resources */ = {
			isa = PBXShellScriptBuildPhase;
			buildActionMask = 2147483647;
			files = (
			);
			inputPaths = (
			);
			name = "[CP] Copy Pods Resources";
			outputPaths = (
			);
			runOnlyForDeploymentPostprocessing = 0;
			shellPath = /bin/sh;
			shellScript = "\"${SRCROOT}/Pods/Target Support Files/Pods-aderaUITests/Pods-aderaUITests-resources.sh\"\n";
			showEnvVarsInLog = 0;
		};
		A81DB5AC0A36AC4C80672FF3 /* [CP] Check Pods Manifest.lock */ = {
			isa = PBXShellScriptBuildPhase;
			buildActionMask = 2147483647;
			files = (
			);
			inputPaths = (
			);
			name = "[CP] Check Pods Manifest.lock";
			outputPaths = (
			);
			runOnlyForDeploymentPostprocessing = 0;
			shellPath = /bin/sh;
			shellScript = "diff \"${PODS_ROOT}/../Podfile.lock\" \"${PODS_ROOT}/Manifest.lock\" > /dev/null\nif [ $? != 0 ] ; then\n    # print error to STDERR\n    echo \"error: The sandbox is not in sync with the Podfile.lock. Run 'pod install' or update your CocoaPods installation.\" >&2\n    exit 1\nfi\n";
			showEnvVarsInLog = 0;
		};
		E73FE405E33BF3D2D6203DEE /* [CP] Copy Pods Resources */ = {
			isa = PBXShellScriptBuildPhase;
			buildActionMask = 2147483647;
			files = (
			);
			inputPaths = (
			);
			name = "[CP] Copy Pods Resources";
			outputPaths = (
			);
			runOnlyForDeploymentPostprocessing = 0;
			shellPath = /bin/sh;
			shellScript = "\"${SRCROOT}/Pods/Target Support Files/Pods-adera/Pods-adera-resources.sh\"\n";
			showEnvVarsInLog = 0;
		};
/* End PBXShellScriptBuildPhase section */

/* Begin PBXSourcesBuildPhase section */
		FADEE4051E731A7800189953 /* Sources */ = {
			isa = PBXSourcesBuildPhase;
			buildActionMask = 2147483647;
			files = (
				FAD46BE61E7DE5040035F403 /* ChannelTopicTableViewController.swift in Sources */,
				FAF1F8051E763C79008DA769 /* LoginViewController.swift in Sources */,
				220E46CF1E8383C500BC7A26 /* ChatViewController.swift in Sources */,
				FAD46BF01E7E06630035F403 /* MyChannelsTableViewDelegate.swift in Sources */,
				FADEE4151E731A7900189953 /* adera.xcdatamodeld in Sources */,
				FAD46BF51E7E13F50035F403 /* CreateChannelViewController.swift in Sources */,
				D85071D81E836121004EF00A /* AccountDefaultSettings.swift in Sources */,
				FADEE40D1E731A7900189953 /* AppDelegate.swift in Sources */,
				D8AA22011E82F99D00F0D140 /* SettingsTableViewController.swift in Sources */,
				FAD46BE91E7DED3C0035F403 /* ChannelTopicCell.swift in Sources */,
				BCED47FC37B7AA167F7EE886 /* Channel.swift in Sources */,
				D8E4C7791E8342AB00FDB95C /* SettingsViewController.swift in Sources */,
				BCED470F186C4DFDA449734B /* Topic.swift in Sources */,
				BCED4FF41125F7CDDC5B6CB4 /* BrowsePublicChannelsTableViewDelegate.swift in Sources */,
				BCED48F9C493BA8DAE79F04E /* TopicTableViewDelegate.swift in Sources */,
			);
			runOnlyForDeploymentPostprocessing = 0;
		};
		FADEE41C1E731A7900189953 /* Sources */ = {
			isa = PBXSourcesBuildPhase;
			buildActionMask = 2147483647;
			files = (
				FADEE4251E731A7900189953 /* aderaTests.swift in Sources */,
			);
			runOnlyForDeploymentPostprocessing = 0;
		};
		FADEE4271E731A7900189953 /* Sources */ = {
			isa = PBXSourcesBuildPhase;
			buildActionMask = 2147483647;
			files = (
				FADEE4301E731A7900189953 /* aderaUITests.swift in Sources */,
			);
			runOnlyForDeploymentPostprocessing = 0;
		};
/* End PBXSourcesBuildPhase section */

/* Begin PBXTargetDependency section */
		FADEE4221E731A7900189953 /* PBXTargetDependency */ = {
			isa = PBXTargetDependency;
			target = FADEE4081E731A7800189953 /* adera */;
			targetProxy = FADEE4211E731A7900189953 /* PBXContainerItemProxy */;
		};
		FADEE42D1E731A7900189953 /* PBXTargetDependency */ = {
			isa = PBXTargetDependency;
			target = FADEE4081E731A7800189953 /* adera */;
			targetProxy = FADEE42C1E731A7900189953 /* PBXContainerItemProxy */;
		};
/* End PBXTargetDependency section */

/* Begin PBXVariantGroup section */
		FADEE4101E731A7900189953 /* Main.storyboard */ = {
			isa = PBXVariantGroup;
			children = (
				FADEE4111E731A7900189953 /* Base */,
			);
			name = Main.storyboard;
			sourceTree = "<group>";
		};
		FADEE4181E731A7900189953 /* LaunchScreen.storyboard */ = {
			isa = PBXVariantGroup;
			children = (
				FADEE4191E731A7900189953 /* Base */,
			);
			name = LaunchScreen.storyboard;
			sourceTree = "<group>";
		};
/* End PBXVariantGroup section */

/* Begin XCBuildConfiguration section */
		FADEE4321E731A7900189953 /* Debug */ = {
			isa = XCBuildConfiguration;
			buildSettings = {
				ALWAYS_SEARCH_USER_PATHS = NO;
				CLANG_ANALYZER_NONNULL = YES;
				CLANG_CXX_LANGUAGE_STANDARD = "gnu++0x";
				CLANG_CXX_LIBRARY = "libc++";
				CLANG_ENABLE_MODULES = YES;
				CLANG_ENABLE_OBJC_ARC = YES;
				CLANG_WARN_BOOL_CONVERSION = YES;
				CLANG_WARN_CONSTANT_CONVERSION = YES;
				CLANG_WARN_DIRECT_OBJC_ISA_USAGE = YES_ERROR;
				CLANG_WARN_DOCUMENTATION_COMMENTS = YES;
				CLANG_WARN_EMPTY_BODY = YES;
				CLANG_WARN_ENUM_CONVERSION = YES;
				CLANG_WARN_INFINITE_RECURSION = YES;
				CLANG_WARN_INT_CONVERSION = YES;
				CLANG_WARN_OBJC_ROOT_CLASS = YES_ERROR;
				CLANG_WARN_SUSPICIOUS_MOVE = YES;
				CLANG_WARN_UNREACHABLE_CODE = YES;
				CLANG_WARN__DUPLICATE_METHOD_MATCH = YES;
				"CODE_SIGN_IDENTITY[sdk=iphoneos*]" = "iPhone Developer";
				COPY_PHASE_STRIP = NO;
				DEBUG_INFORMATION_FORMAT = dwarf;
				ENABLE_STRICT_OBJC_MSGSEND = YES;
				ENABLE_TESTABILITY = YES;
				GCC_C_LANGUAGE_STANDARD = gnu99;
				GCC_DYNAMIC_NO_PIC = NO;
				GCC_NO_COMMON_BLOCKS = YES;
				GCC_OPTIMIZATION_LEVEL = 0;
				GCC_PREPROCESSOR_DEFINITIONS = (
					"DEBUG=1",
					"$(inherited)",
				);
				GCC_WARN_64_TO_32_BIT_CONVERSION = YES;
				GCC_WARN_ABOUT_RETURN_TYPE = YES_ERROR;
				GCC_WARN_UNDECLARED_SELECTOR = YES;
				GCC_WARN_UNINITIALIZED_AUTOS = YES_AGGRESSIVE;
				GCC_WARN_UNUSED_FUNCTION = YES;
				GCC_WARN_UNUSED_VARIABLE = YES;
				IPHONEOS_DEPLOYMENT_TARGET = 10.2;
				MTL_ENABLE_DEBUG_INFO = YES;
				ONLY_ACTIVE_ARCH = YES;
				SDKROOT = iphoneos;
				SWIFT_ACTIVE_COMPILATION_CONDITIONS = DEBUG;
				SWIFT_OPTIMIZATION_LEVEL = "-Onone";
			};
			name = Debug;
		};
		FADEE4331E731A7900189953 /* Release */ = {
			isa = XCBuildConfiguration;
			buildSettings = {
				ALWAYS_SEARCH_USER_PATHS = NO;
				CLANG_ANALYZER_NONNULL = YES;
				CLANG_CXX_LANGUAGE_STANDARD = "gnu++0x";
				CLANG_CXX_LIBRARY = "libc++";
				CLANG_ENABLE_MODULES = YES;
				CLANG_ENABLE_OBJC_ARC = YES;
				CLANG_WARN_BOOL_CONVERSION = YES;
				CLANG_WARN_CONSTANT_CONVERSION = YES;
				CLANG_WARN_DIRECT_OBJC_ISA_USAGE = YES_ERROR;
				CLANG_WARN_DOCUMENTATION_COMMENTS = YES;
				CLANG_WARN_EMPTY_BODY = YES;
				CLANG_WARN_ENUM_CONVERSION = YES;
				CLANG_WARN_INFINITE_RECURSION = YES;
				CLANG_WARN_INT_CONVERSION = YES;
				CLANG_WARN_OBJC_ROOT_CLASS = YES_ERROR;
				CLANG_WARN_SUSPICIOUS_MOVE = YES;
				CLANG_WARN_UNREACHABLE_CODE = YES;
				CLANG_WARN__DUPLICATE_METHOD_MATCH = YES;
				"CODE_SIGN_IDENTITY[sdk=iphoneos*]" = "iPhone Developer";
				COPY_PHASE_STRIP = NO;
				DEBUG_INFORMATION_FORMAT = "dwarf-with-dsym";
				ENABLE_NS_ASSERTIONS = NO;
				ENABLE_STRICT_OBJC_MSGSEND = YES;
				GCC_C_LANGUAGE_STANDARD = gnu99;
				GCC_NO_COMMON_BLOCKS = YES;
				GCC_WARN_64_TO_32_BIT_CONVERSION = YES;
				GCC_WARN_ABOUT_RETURN_TYPE = YES_ERROR;
				GCC_WARN_UNDECLARED_SELECTOR = YES;
				GCC_WARN_UNINITIALIZED_AUTOS = YES_AGGRESSIVE;
				GCC_WARN_UNUSED_FUNCTION = YES;
				GCC_WARN_UNUSED_VARIABLE = YES;
				IPHONEOS_DEPLOYMENT_TARGET = 10.2;
				MTL_ENABLE_DEBUG_INFO = NO;
				SDKROOT = iphoneos;
				SWIFT_OPTIMIZATION_LEVEL = "-Owholemodule";
				VALIDATE_PRODUCT = YES;
			};
			name = Release;
		};
		FADEE4351E731A7900189953 /* Debug */ = {
			isa = XCBuildConfiguration;
			baseConfigurationReference = 054EDB403B01D87FD4F1EE19 /* Pods-adera.debug.xcconfig */;
			buildSettings = {
				ASSETCATALOG_COMPILER_APPICON_NAME = AppIcon;
				FRAMEWORK_SEARCH_PATHS = "$(inherited)/**";
				HEADER_SEARCH_PATHS = (
					"$(inherited)",
					"${PODS_ROOT}/Firebase/Core/Sources",
					"\"${PODS_ROOT}/Headers/Public\"",
					"\"${PODS_ROOT}/Headers/Public/Firebase\"",
					"\"${PODS_ROOT}/Headers/Public/FirebaseAnalytics\"",
					"\"${PODS_ROOT}/Headers/Public/FirebaseAuth\"",
					"\"${PODS_ROOT}/Headers/Public/FirebaseCore\"",
					"\"${PODS_ROOT}/Headers/Public/FirebaseDatabase\"",
					"\"${PODS_ROOT}/Headers/Public/FirebaseInstanceID\"",
					"\"${PODS_ROOT}/Headers/Public/FirebaseStorage\"",
				);
				INFOPLIST_FILE = adera/Info.plist;
				LD_RUNPATH_SEARCH_PATHS = "$(inherited) @executable_path/Frameworks @executable_path/Pods";
				PRODUCT_BUNDLE_IDENTIFIER = edu.utexas.cs378.adera;
				PRODUCT_NAME = "$(TARGET_NAME)";
				SWIFT_VERSION = 3.0;
			};
			name = Debug;
		};
		FADEE4361E731A7900189953 /* Release */ = {
			isa = XCBuildConfiguration;
			baseConfigurationReference = 371D6EA2B76EA6B4C93122D5 /* Pods-adera.release.xcconfig */;
			buildSettings = {
				ASSETCATALOG_COMPILER_APPICON_NAME = AppIcon;
				FRAMEWORK_SEARCH_PATHS = "$(inherited)/**";
				HEADER_SEARCH_PATHS = (
					"$(inherited)",
					"${PODS_ROOT}/Firebase/Core/Sources",
					"\"${PODS_ROOT}/Headers/Public\"",
					"\"${PODS_ROOT}/Headers/Public/Firebase\"",
					"\"${PODS_ROOT}/Headers/Public/FirebaseAnalytics\"",
					"\"${PODS_ROOT}/Headers/Public/FirebaseAuth\"",
					"\"${PODS_ROOT}/Headers/Public/FirebaseCore\"",
					"\"${PODS_ROOT}/Headers/Public/FirebaseDatabase\"",
					"\"${PODS_ROOT}/Headers/Public/FirebaseInstanceID\"",
					"\"${PODS_ROOT}/Headers/Public/FirebaseStorage\"",
				);
				INFOPLIST_FILE = adera/Info.plist;
				LD_RUNPATH_SEARCH_PATHS = "$(inherited) @executable_path/Frameworks @executable_path/Pods";
				PRODUCT_BUNDLE_IDENTIFIER = edu.utexas.cs378.adera;
				PRODUCT_NAME = "$(TARGET_NAME)";
				SWIFT_VERSION = 3.0;
			};
			name = Release;
		};
		FADEE4381E731A7900189953 /* Debug */ = {
			isa = XCBuildConfiguration;
			baseConfigurationReference = EE54A0644E257F1D10C2E132 /* Pods-aderaTests.debug.xcconfig */;
			buildSettings = {
				ALWAYS_EMBED_SWIFT_STANDARD_LIBRARIES = YES;
				BUNDLE_LOADER = "$(TEST_HOST)";
				INFOPLIST_FILE = aderaTests/Info.plist;
				LD_RUNPATH_SEARCH_PATHS = "$(inherited) @executable_path/Frameworks @loader_path/Frameworks";
				PRODUCT_BUNDLE_IDENTIFIER = edu.utexas.cs378.aderaTests;
				PRODUCT_NAME = "$(TARGET_NAME)";
				SWIFT_VERSION = 3.0;
				TEST_HOST = "$(BUILT_PRODUCTS_DIR)/adera.app/adera";
			};
			name = Debug;
		};
		FADEE4391E731A7900189953 /* Release */ = {
			isa = XCBuildConfiguration;
			baseConfigurationReference = ED35F477CA5B0DCFC94C9759 /* Pods-aderaTests.release.xcconfig */;
			buildSettings = {
				ALWAYS_EMBED_SWIFT_STANDARD_LIBRARIES = YES;
				BUNDLE_LOADER = "$(TEST_HOST)";
				INFOPLIST_FILE = aderaTests/Info.plist;
				LD_RUNPATH_SEARCH_PATHS = "$(inherited) @executable_path/Frameworks @loader_path/Frameworks";
				PRODUCT_BUNDLE_IDENTIFIER = edu.utexas.cs378.aderaTests;
				PRODUCT_NAME = "$(TARGET_NAME)";
				SWIFT_VERSION = 3.0;
				TEST_HOST = "$(BUILT_PRODUCTS_DIR)/adera.app/adera";
			};
			name = Release;
		};
		FADEE43B1E731A7900189953 /* Debug */ = {
			isa = XCBuildConfiguration;
			baseConfigurationReference = 243E68CA32183994D9E54994 /* Pods-aderaUITests.debug.xcconfig */;
			buildSettings = {
				ALWAYS_EMBED_SWIFT_STANDARD_LIBRARIES = YES;
				INFOPLIST_FILE = aderaUITests/Info.plist;
				LD_RUNPATH_SEARCH_PATHS = "$(inherited) @executable_path/Frameworks @loader_path/Frameworks";
				PRODUCT_BUNDLE_IDENTIFIER = edu.utexas.cs378.aderaUITests;
				PRODUCT_NAME = "$(TARGET_NAME)";
				SWIFT_VERSION = 3.0;
				TEST_TARGET_NAME = adera;
			};
			name = Debug;
		};
		FADEE43C1E731A7900189953 /* Release */ = {
			isa = XCBuildConfiguration;
			baseConfigurationReference = CD7250D8D0ED9C375F479363 /* Pods-aderaUITests.release.xcconfig */;
			buildSettings = {
				ALWAYS_EMBED_SWIFT_STANDARD_LIBRARIES = YES;
				INFOPLIST_FILE = aderaUITests/Info.plist;
				LD_RUNPATH_SEARCH_PATHS = "$(inherited) @executable_path/Frameworks @loader_path/Frameworks";
				PRODUCT_BUNDLE_IDENTIFIER = edu.utexas.cs378.aderaUITests;
				PRODUCT_NAME = "$(TARGET_NAME)";
				SWIFT_VERSION = 3.0;
				TEST_TARGET_NAME = adera;
			};
			name = Release;
		};
/* End XCBuildConfiguration section */

/* Begin XCConfigurationList section */
		FADEE4041E731A7800189953 /* Build configuration list for PBXProject "adera" */ = {
			isa = XCConfigurationList;
			buildConfigurations = (
				FADEE4321E731A7900189953 /* Debug */,
				FADEE4331E731A7900189953 /* Release */,
			);
			defaultConfigurationIsVisible = 0;
			defaultConfigurationName = Release;
		};
		FADEE4341E731A7900189953 /* Build configuration list for PBXNativeTarget "adera" */ = {
			isa = XCConfigurationList;
			buildConfigurations = (
				FADEE4351E731A7900189953 /* Debug */,
				FADEE4361E731A7900189953 /* Release */,
			);
			defaultConfigurationIsVisible = 0;
			defaultConfigurationName = Release;
		};
		FADEE4371E731A7900189953 /* Build configuration list for PBXNativeTarget "aderaTests" */ = {
			isa = XCConfigurationList;
			buildConfigurations = (
				FADEE4381E731A7900189953 /* Debug */,
				FADEE4391E731A7900189953 /* Release */,
			);
			defaultConfigurationIsVisible = 0;
			defaultConfigurationName = Release;
		};
		FADEE43A1E731A7900189953 /* Build configuration list for PBXNativeTarget "aderaUITests" */ = {
			isa = XCConfigurationList;
			buildConfigurations = (
				FADEE43B1E731A7900189953 /* Debug */,
				FADEE43C1E731A7900189953 /* Release */,
			);
			defaultConfigurationIsVisible = 0;
			defaultConfigurationName = Release;
		};
/* End XCConfigurationList section */

/* Begin XCVersionGroup section */
		FADEE4131E731A7900189953 /* adera.xcdatamodeld */ = {
			isa = XCVersionGroup;
			children = (
				FADEE4141E731A7900189953 /* adera.xcdatamodel */,
			);
			currentVersion = FADEE4141E731A7900189953 /* adera.xcdatamodel */;
			path = adera.xcdatamodeld;
			sourceTree = "<group>";
			versionGroupType = wrapper.xcdatamodel;
		};
/* End XCVersionGroup section */
	};
	rootObject = FADEE4011E731A7800189953 /* Project object */;
}
